// !$*UTF8*$!
{
	archiveVersion = 1;
	classes = {
	};
	objectVersion = 51;
	objects = {

/* Begin PBXBuildFile section */
		3223387D2576CDBB00CD61B6 /* DetailMovieEntry.swift in Sources */ = {isa = PBXBuildFile; fileRef = 3223387C2576CDBB00CD61B6 /* DetailMovieEntry.swift */; };
		3223387F2576CF8D00CD61B6 /* MovieRepositoryService.swift in Sources */ = {isa = PBXBuildFile; fileRef = 3223387E2576CF8D00CD61B6 /* MovieRepositoryService.swift */; };
		322338822577EE2C00CD61B6 /* HomeWindowMoviesController.swift in Sources */ = {isa = PBXBuildFile; fileRef = 322338812577EE2C00CD61B6 /* HomeWindowMoviesController.swift */; };
		322338852578038900CD61B6 /* HomeMovieList.swift in Sources */ = {isa = PBXBuildFile; fileRef = 322338842578038900CD61B6 /* HomeMovieList.swift */; };
		3225DC2E258520F800DCD0CB /* UITableView+RegisterCell.swift in Sources */ = {isa = PBXBuildFile; fileRef = 3225DC2D258520F800DCD0CB /* UITableView+RegisterCell.swift */; };
		3225DC3025852B8F00DCD0CB /* UICollectionView+RegisterCell.swift in Sources */ = {isa = PBXBuildFile; fileRef = 3225DC2F25852B8F00DCD0CB /* UICollectionView+RegisterCell.swift */; };
		3252860E257C262A00C4890D /* Video.swift in Sources */ = {isa = PBXBuildFile; fileRef = 3252860D257C262A00C4890D /* Video.swift */; };
		32528611257C2CE100C4890D /* VideoCell.swift in Sources */ = {isa = PBXBuildFile; fileRef = 3252860F257C2CE100C4890D /* VideoCell.swift */; };
		32528612257C2CE100C4890D /* VideoCell.xib in Resources */ = {isa = PBXBuildFile; fileRef = 32528610257C2CE100C4890D /* VideoCell.xib */; };
		32540BEA2575369D007EB04F /* StorageService.swift in Sources */ = {isa = PBXBuildFile; fileRef = 32540BE92575369D007EB04F /* StorageService.swift */; };
		32540BEC257538C0007EB04F /* MovieStorageService.swift in Sources */ = {isa = PBXBuildFile; fileRef = 32540BEB257538C0007EB04F /* MovieStorageService.swift */; };
		32540BEE25753999007EB04F /* MovieEntry.swift in Sources */ = {isa = PBXBuildFile; fileRef = 32540BED25753999007EB04F /* MovieEntry.swift */; };
		3259244F257950B6002863AC /* PersonCell.swift in Sources */ = {isa = PBXBuildFile; fileRef = 3259244D257950B6002863AC /* PersonCell.swift */; };
		32592450257950B6002863AC /* PersonCell.xib in Resources */ = {isa = PBXBuildFile; fileRef = 3259244E257950B6002863AC /* PersonCell.xib */; };
		3259245225795939002863AC /* CastAndCrew.swift in Sources */ = {isa = PBXBuildFile; fileRef = 3259245125795939002863AC /* CastAndCrew.swift */; };
		3272FA25257FE0C000B75286 /* PersonMoviesCell.swift in Sources */ = {isa = PBXBuildFile; fileRef = 3272FA23257FE0C000B75286 /* PersonMoviesCell.swift */; };
		3272FA26257FE0C000B75286 /* PersonMoviesCell.xib in Resources */ = {isa = PBXBuildFile; fileRef = 3272FA24257FE0C000B75286 /* PersonMoviesCell.xib */; };
		3272FA28257FE44C00B75286 /* CastPersonMovies.swift in Sources */ = {isa = PBXBuildFile; fileRef = 3272FA27257FE44C00B75286 /* CastPersonMovies.swift */; };
		327D7BC4257AAF0F003CB45A /* PersonDetailViewController.swift in Sources */ = {isa = PBXBuildFile; fileRef = 327D7BC2257AAF0F003CB45A /* PersonDetailViewController.swift */; };
		327D7BC5257AAF0F003CB45A /* PersonDetailViewController.xib in Resources */ = {isa = PBXBuildFile; fileRef = 327D7BC3257AAF0F003CB45A /* PersonDetailViewController.xib */; };
		327D7BC7257AB8F5003CB45A /* Person.swift in Sources */ = {isa = PBXBuildFile; fileRef = 327D7BC6257AB8F5003CB45A /* Person.swift */; };
		327D7BCA257AEAA7003CB45A /* FullPictureViewController.swift in Sources */ = {isa = PBXBuildFile; fileRef = 327D7BC8257AEAA7003CB45A /* FullPictureViewController.swift */; };
		327D7BCB257AEAA7003CB45A /* FullPictureViewController.xib in Resources */ = {isa = PBXBuildFile; fileRef = 327D7BC9257AEAA7003CB45A /* FullPictureViewController.xib */; };
		32E5B319257EC82800906406 /* PersonImage.swift in Sources */ = {isa = PBXBuildFile; fileRef = 32E5B318257EC82800906406 /* PersonImage.swift */; };
		32E5B31D257ECDD600906406 /* PersonImagesCell.swift in Sources */ = {isa = PBXBuildFile; fileRef = 32E5B31B257ECDD600906406 /* PersonImagesCell.swift */; };
		32E5B31E257ECDD600906406 /* PersonImagesCell.xib in Resources */ = {isa = PBXBuildFile; fileRef = 32E5B31C257ECDD600906406 /* PersonImagesCell.xib */; };
		32FA8187257289EF0063F372 /* VoteTextColor.swift in Sources */ = {isa = PBXBuildFile; fileRef = 32FA8186257289EF0063F372 /* VoteTextColor.swift */; };
		32FA818925729E0A0063F372 /* UIView.swift in Sources */ = {isa = PBXBuildFile; fileRef = 32FA818825729E0A0063F372 /* UIView.swift */; };
		32FA818B2572A5390063F372 /* UILabel.swift in Sources */ = {isa = PBXBuildFile; fileRef = 32FA818A2572A5390063F372 /* UILabel.swift */; };
		32FA818D2572A6D70063F372 /* MonthsList.swift in Sources */ = {isa = PBXBuildFile; fileRef = 32FA818C2572A6D70063F372 /* MonthsList.swift */; };
		32FA81912572BAF00063F372 /* Assets.xcassets in Resources */ = {isa = PBXBuildFile; fileRef = 32FA81902572BAF00063F372 /* Assets.xcassets */; };
		32FA819A2572E7E00063F372 /* FavoritesViewController.swift in Sources */ = {isa = PBXBuildFile; fileRef = 32FA81992572E7E00063F372 /* FavoritesViewController.swift */; };
		32FB53CB2573E0A30004E06C /* DetailMovieEntity.swift in Sources */ = {isa = PBXBuildFile; fileRef = 32FB53CA2573E0A30004E06C /* DetailMovieEntity.swift */; };
		32FB53CE25741BBE0004E06C /* DetailMovieViewController.swift in Sources */ = {isa = PBXBuildFile; fileRef = 32FB53CC25741BBE0004E06C /* DetailMovieViewController.swift */; };
		32FB53CF25741BBE0004E06C /* DetailMovieViewController.xib in Resources */ = {isa = PBXBuildFile; fileRef = 32FB53CD25741BBE0004E06C /* DetailMovieViewController.xib */; };
		32FB53D1257445450004E06C /* UIColor.swift in Sources */ = {isa = PBXBuildFile; fileRef = 32FB53D0257445450004E06C /* UIColor.swift */; };
		32FB53D425746AE30004E06C /* FooterView.swift in Sources */ = {isa = PBXBuildFile; fileRef = 32FB53D325746AE30004E06C /* FooterView.swift */; };
		32FC0003257147E000852220 /* LaunchScreen.storyboard in Resources */ = {isa = PBXBuildFile; fileRef = 32FC0001257147E000852220 /* LaunchScreen.storyboard */; };
		32FC000C25715F6300852220 /* MovieList.swift in Sources */ = {isa = PBXBuildFile; fileRef = 32FC000B25715F6300852220 /* MovieList.swift */; };
		32FC000F25715F7400852220 /* NetworkManager.swift in Sources */ = {isa = PBXBuildFile; fileRef = 32FC000E25715F7400852220 /* NetworkManager.swift */; };
		32FC00152571612000852220 /* ApiKeys.swift in Sources */ = {isa = PBXBuildFile; fileRef = 32FC00142571612000852220 /* ApiKeys.swift */; };
		32FC0018257162BE00852220 /* MainTabBarController.swift in Sources */ = {isa = PBXBuildFile; fileRef = 32FC0017257162BE00852220 /* MainTabBarController.swift */; };
		32FC001F2571659800852220 /* UITabBarController.swift in Sources */ = {isa = PBXBuildFile; fileRef = 32FC001E2571659800852220 /* UITabBarController.swift */; };
		32FC002525718D4C00852220 /* SearchMovieCell.xib in Resources */ = {isa = PBXBuildFile; fileRef = 32FC002425718D4C00852220 /* SearchMovieCell.xib */; };
		32FC002725718D8100852220 /* SearchMovieCell.swift in Sources */ = {isa = PBXBuildFile; fileRef = 32FC002625718D8100852220 /* SearchMovieCell.swift */; };
		32FC002A2571965500852220 /* UIImageView.swift in Sources */ = {isa = PBXBuildFile; fileRef = 32FC00292571965500852220 /* UIImageView.swift */; };
		32FCFFF7257147DD00852220 /* AppDelegate.swift in Sources */ = {isa = PBXBuildFile; fileRef = 32FCFFF6257147DD00852220 /* AppDelegate.swift */; };
		32FCFFF9257147DD00852220 /* SceneDelegate.swift in Sources */ = {isa = PBXBuildFile; fileRef = 32FCFFF8257147DD00852220 /* SceneDelegate.swift */; };
		32FCFFFB257147DD00852220 /* SearchMovieViewController.swift in Sources */ = {isa = PBXBuildFile; fileRef = 32FCFFFA257147DD00852220 /* SearchMovieViewController.swift */; };
		32FCFFFE257147DD00852220 /* Main.storyboard in Resources */ = {isa = PBXBuildFile; fileRef = 32FCFFFC257147DD00852220 /* Main.storyboard */; };
		C10FCC0F61280530C4FF6564 /* Pods_FSMovie.framework in Frameworks */ = {isa = PBXBuildFile; fileRef = 40EDC28455F9A0F538363A37 /* Pods_FSMovie.framework */; };
/* End PBXBuildFile section */

/* Begin PBXFileReference section */
		14DF4C85171689E5740C0D8E /* Pods-FSMovie.debug.xcconfig */ = {isa = PBXFileReference; includeInIndex = 1; lastKnownFileType = text.xcconfig; name = "Pods-FSMovie.debug.xcconfig"; path = "Target Support Files/Pods-FSMovie/Pods-FSMovie.debug.xcconfig"; sourceTree = "<group>"; };
		3223387C2576CDBB00CD61B6 /* DetailMovieEntry.swift */ = {isa = PBXFileReference; lastKnownFileType = sourcecode.swift; path = DetailMovieEntry.swift; sourceTree = "<group>"; };
		3223387E2576CF8D00CD61B6 /* MovieRepositoryService.swift */ = {isa = PBXFileReference; lastKnownFileType = sourcecode.swift; path = MovieRepositoryService.swift; sourceTree = "<group>"; };
		322338812577EE2C00CD61B6 /* HomeWindowMoviesController.swift */ = {isa = PBXFileReference; lastKnownFileType = sourcecode.swift; path = HomeWindowMoviesController.swift; sourceTree = "<group>"; };
		322338842578038900CD61B6 /* HomeMovieList.swift */ = {isa = PBXFileReference; lastKnownFileType = sourcecode.swift; path = HomeMovieList.swift; sourceTree = "<group>"; };
		3225DC2D258520F800DCD0CB /* UITableView+RegisterCell.swift */ = {isa = PBXFileReference; lastKnownFileType = sourcecode.swift; path = "UITableView+RegisterCell.swift"; sourceTree = "<group>"; };
		3225DC2F25852B8F00DCD0CB /* UICollectionView+RegisterCell.swift */ = {isa = PBXFileReference; lastKnownFileType = sourcecode.swift; path = "UICollectionView+RegisterCell.swift"; sourceTree = "<group>"; };
		3252860D257C262A00C4890D /* Video.swift */ = {isa = PBXFileReference; lastKnownFileType = sourcecode.swift; path = Video.swift; sourceTree = "<group>"; };
		3252860F257C2CE100C4890D /* VideoCell.swift */ = {isa = PBXFileReference; lastKnownFileType = sourcecode.swift; path = VideoCell.swift; sourceTree = "<group>"; };
		32528610257C2CE100C4890D /* VideoCell.xib */ = {isa = PBXFileReference; lastKnownFileType = file.xib; path = VideoCell.xib; sourceTree = "<group>"; };
		32540BE92575369D007EB04F /* StorageService.swift */ = {isa = PBXFileReference; lastKnownFileType = sourcecode.swift; path = StorageService.swift; sourceTree = "<group>"; };
		32540BEB257538C0007EB04F /* MovieStorageService.swift */ = {isa = PBXFileReference; lastKnownFileType = sourcecode.swift; path = MovieStorageService.swift; sourceTree = "<group>"; };
		32540BED25753999007EB04F /* MovieEntry.swift */ = {isa = PBXFileReference; lastKnownFileType = sourcecode.swift; path = MovieEntry.swift; sourceTree = "<group>"; };
		3259244D257950B6002863AC /* PersonCell.swift */ = {isa = PBXFileReference; lastKnownFileType = sourcecode.swift; path = PersonCell.swift; sourceTree = "<group>"; };
		3259244E257950B6002863AC /* PersonCell.xib */ = {isa = PBXFileReference; lastKnownFileType = file.xib; path = PersonCell.xib; sourceTree = "<group>"; };
		3259245125795939002863AC /* CastAndCrew.swift */ = {isa = PBXFileReference; lastKnownFileType = sourcecode.swift; path = CastAndCrew.swift; sourceTree = "<group>"; };
		3272FA23257FE0C000B75286 /* PersonMoviesCell.swift */ = {isa = PBXFileReference; lastKnownFileType = sourcecode.swift; path = PersonMoviesCell.swift; sourceTree = "<group>"; };
		3272FA24257FE0C000B75286 /* PersonMoviesCell.xib */ = {isa = PBXFileReference; lastKnownFileType = file.xib; path = PersonMoviesCell.xib; sourceTree = "<group>"; };
		3272FA27257FE44C00B75286 /* CastPersonMovies.swift */ = {isa = PBXFileReference; lastKnownFileType = sourcecode.swift; path = CastPersonMovies.swift; sourceTree = "<group>"; };
		327D7BC2257AAF0F003CB45A /* PersonDetailViewController.swift */ = {isa = PBXFileReference; lastKnownFileType = sourcecode.swift; path = PersonDetailViewController.swift; sourceTree = "<group>"; };
		327D7BC3257AAF0F003CB45A /* PersonDetailViewController.xib */ = {isa = PBXFileReference; lastKnownFileType = file.xib; path = PersonDetailViewController.xib; sourceTree = "<group>"; };
		327D7BC6257AB8F5003CB45A /* Person.swift */ = {isa = PBXFileReference; lastKnownFileType = sourcecode.swift; path = Person.swift; sourceTree = "<group>"; };
		327D7BC8257AEAA7003CB45A /* FullPictureViewController.swift */ = {isa = PBXFileReference; lastKnownFileType = sourcecode.swift; path = FullPictureViewController.swift; sourceTree = "<group>"; };
		327D7BC9257AEAA7003CB45A /* FullPictureViewController.xib */ = {isa = PBXFileReference; lastKnownFileType = file.xib; path = FullPictureViewController.xib; sourceTree = "<group>"; };
		32E5B318257EC82800906406 /* PersonImage.swift */ = {isa = PBXFileReference; lastKnownFileType = sourcecode.swift; path = PersonImage.swift; sourceTree = "<group>"; };
		32E5B31B257ECDD600906406 /* PersonImagesCell.swift */ = {isa = PBXFileReference; lastKnownFileType = sourcecode.swift; path = PersonImagesCell.swift; sourceTree = "<group>"; };
		32E5B31C257ECDD600906406 /* PersonImagesCell.xib */ = {isa = PBXFileReference; lastKnownFileType = file.xib; path = PersonImagesCell.xib; sourceTree = "<group>"; };
		32FA8186257289EF0063F372 /* VoteTextColor.swift */ = {isa = PBXFileReference; lastKnownFileType = sourcecode.swift; path = VoteTextColor.swift; sourceTree = "<group>"; };
		32FA818825729E0A0063F372 /* UIView.swift */ = {isa = PBXFileReference; lastKnownFileType = sourcecode.swift; path = UIView.swift; sourceTree = "<group>"; };
		32FA818A2572A5390063F372 /* UILabel.swift */ = {isa = PBXFileReference; lastKnownFileType = sourcecode.swift; path = UILabel.swift; sourceTree = "<group>"; };
		32FA818C2572A6D70063F372 /* MonthsList.swift */ = {isa = PBXFileReference; lastKnownFileType = sourcecode.swift; path = MonthsList.swift; sourceTree = "<group>"; };
		32FA81902572BAF00063F372 /* Assets.xcassets */ = {isa = PBXFileReference; lastKnownFileType = folder.assetcatalog; path = Assets.xcassets; sourceTree = "<group>"; };
		32FA81992572E7E00063F372 /* FavoritesViewController.swift */ = {isa = PBXFileReference; lastKnownFileType = sourcecode.swift; path = FavoritesViewController.swift; sourceTree = "<group>"; };
		32FB53CA2573E0A30004E06C /* DetailMovieEntity.swift */ = {isa = PBXFileReference; lastKnownFileType = sourcecode.swift; path = DetailMovieEntity.swift; sourceTree = "<group>"; };
		32FB53CC25741BBE0004E06C /* DetailMovieViewController.swift */ = {isa = PBXFileReference; lastKnownFileType = sourcecode.swift; path = DetailMovieViewController.swift; sourceTree = "<group>"; };
		32FB53CD25741BBE0004E06C /* DetailMovieViewController.xib */ = {isa = PBXFileReference; lastKnownFileType = file.xib; path = DetailMovieViewController.xib; sourceTree = "<group>"; };
		32FB53D0257445450004E06C /* UIColor.swift */ = {isa = PBXFileReference; lastKnownFileType = sourcecode.swift; path = UIColor.swift; sourceTree = "<group>"; };
		32FB53D325746AE30004E06C /* FooterView.swift */ = {isa = PBXFileReference; lastKnownFileType = sourcecode.swift; path = FooterView.swift; sourceTree = "<group>"; };
		32FC0002257147E000852220 /* Base */ = {isa = PBXFileReference; lastKnownFileType = file.storyboard; name = Base; path = Base.lproj/LaunchScreen.storyboard; sourceTree = "<group>"; };
		32FC0004257147E000852220 /* Info.plist */ = {isa = PBXFileReference; lastKnownFileType = text.plist.xml; path = Info.plist; sourceTree = "<group>"; };
		32FC000B25715F6300852220 /* MovieList.swift */ = {isa = PBXFileReference; lastKnownFileType = sourcecode.swift; path = MovieList.swift; sourceTree = "<group>"; };
		32FC000E25715F7400852220 /* NetworkManager.swift */ = {isa = PBXFileReference; lastKnownFileType = sourcecode.swift; path = NetworkManager.swift; sourceTree = "<group>"; };
		32FC00142571612000852220 /* ApiKeys.swift */ = {isa = PBXFileReference; lastKnownFileType = sourcecode.swift; path = ApiKeys.swift; sourceTree = "<group>"; };
		32FC0017257162BE00852220 /* MainTabBarController.swift */ = {isa = PBXFileReference; lastKnownFileType = sourcecode.swift; path = MainTabBarController.swift; sourceTree = "<group>"; };
		32FC001E2571659800852220 /* UITabBarController.swift */ = {isa = PBXFileReference; lastKnownFileType = sourcecode.swift; path = UITabBarController.swift; sourceTree = "<group>"; };
		32FC002425718D4C00852220 /* SearchMovieCell.xib */ = {isa = PBXFileReference; lastKnownFileType = file.xib; path = SearchMovieCell.xib; sourceTree = "<group>"; };
		32FC002625718D8100852220 /* SearchMovieCell.swift */ = {isa = PBXFileReference; lastKnownFileType = sourcecode.swift; path = SearchMovieCell.swift; sourceTree = "<group>"; };
		32FC00292571965500852220 /* UIImageView.swift */ = {isa = PBXFileReference; lastKnownFileType = sourcecode.swift; path = UIImageView.swift; sourceTree = "<group>"; };
		32FCFFF3257147DD00852220 /* FSMovie.app */ = {isa = PBXFileReference; explicitFileType = wrapper.application; includeInIndex = 0; path = FSMovie.app; sourceTree = BUILT_PRODUCTS_DIR; };
		32FCFFF6257147DD00852220 /* AppDelegate.swift */ = {isa = PBXFileReference; lastKnownFileType = sourcecode.swift; path = AppDelegate.swift; sourceTree = "<group>"; };
		32FCFFF8257147DD00852220 /* SceneDelegate.swift */ = {isa = PBXFileReference; lastKnownFileType = sourcecode.swift; path = SceneDelegate.swift; sourceTree = "<group>"; };
		32FCFFFA257147DD00852220 /* SearchMovieViewController.swift */ = {isa = PBXFileReference; lastKnownFileType = sourcecode.swift; path = SearchMovieViewController.swift; sourceTree = "<group>"; };
		32FCFFFD257147DD00852220 /* Base */ = {isa = PBXFileReference; lastKnownFileType = file.storyboard; name = Base; path = Base.lproj/Main.storyboard; sourceTree = "<group>"; };
		40EDC28455F9A0F538363A37 /* Pods_FSMovie.framework */ = {isa = PBXFileReference; explicitFileType = wrapper.framework; includeInIndex = 0; path = Pods_FSMovie.framework; sourceTree = BUILT_PRODUCTS_DIR; };
		73E3667BA89F65C107A93E46 /* Pods-FSMovie.release.xcconfig */ = {isa = PBXFileReference; includeInIndex = 1; lastKnownFileType = text.xcconfig; name = "Pods-FSMovie.release.xcconfig"; path = "Target Support Files/Pods-FSMovie/Pods-FSMovie.release.xcconfig"; sourceTree = "<group>"; };
/* End PBXFileReference section */

/* Begin PBXFrameworksBuildPhase section */
		32FCFFF0257147DD00852220 /* Frameworks */ = {
			isa = PBXFrameworksBuildPhase;
			buildActionMask = 2147483647;
			files = (
				C10FCC0F61280530C4FF6564 /* Pods_FSMovie.framework in Frameworks */,
			);
			runOnlyForDeploymentPostprocessing = 0;
		};
/* End PBXFrameworksBuildPhase section */

/* Begin PBXGroup section */
		0BF94FEEEE3651A983E5E9B0 /* Pods */ = {
			isa = PBXGroup;
			children = (
				14DF4C85171689E5740C0D8E /* Pods-FSMovie.debug.xcconfig */,
				73E3667BA89F65C107A93E46 /* Pods-FSMovie.release.xcconfig */,
			);
			path = Pods;
			sourceTree = "<group>";
		};
		3223387A2576CDA500CD61B6 /* Entity */ = {
			isa = PBXGroup;
			children = (
				32FB53CA2573E0A30004E06C /* DetailMovieEntity.swift */,
				3272FA27257FE44C00B75286 /* CastPersonMovies.swift */,
				32FC000B25715F6300852220 /* MovieList.swift */,
				3259245125795939002863AC /* CastAndCrew.swift */,
				327D7BC6257AB8F5003CB45A /* Person.swift */,
				3252860D257C262A00C4890D /* Video.swift */,
				32E5B318257EC82800906406 /* PersonImage.swift */,
			);
			path = Entity;
			sourceTree = "<group>";
		};
		3223387B2576CDAC00CD61B6 /* Entry */ = {
			isa = PBXGroup;
			children = (
				3223387C2576CDBB00CD61B6 /* DetailMovieEntry.swift */,
			);
			path = Entry;
			sourceTree = "<group>";
		};
		322338802577EE0700CD61B6 /* HomeWindow */ = {
			isa = PBXGroup;
			children = (
				322338812577EE2C00CD61B6 /* HomeWindowMoviesController.swift */,
			);
			path = HomeWindow;
			sourceTree = "<group>";
		};
		322338832577FE7500CD61B6 /* View */ = {
			isa = PBXGroup;
			children = (
				32FC002825718D9000852220 /* CustomCell */,
			);
			path = View;
			sourceTree = "<group>";
		};
		3252860C257BE96000C4890D /* Favorites */ = {
			isa = PBXGroup;
			children = (
				32FA81992572E7E00063F372 /* FavoritesViewController.swift */,
			);
			path = Favorites;
			sourceTree = "<group>";
		};
		32540BE825753604007EB04F /* Realm */ = {
			isa = PBXGroup;
			children = (
				32540BE92575369D007EB04F /* StorageService.swift */,
				32540BEB257538C0007EB04F /* MovieStorageService.swift */,
			);
			path = Realm;
			sourceTree = "<group>";
		};
		32540C0E2575AF3B007EB04F /* FullPicture */ = {
			isa = PBXGroup;
			children = (
				327D7BC8257AEAA7003CB45A /* FullPictureViewController.swift */,
				327D7BC9257AEAA7003CB45A /* FullPictureViewController.xib */,
			);
			path = FullPicture;
			sourceTree = "<group>";
		};
		3259244C2579507E002863AC /* CollectionViewCell */ = {
			isa = PBXGroup;
			children = (
				3259244D257950B6002863AC /* PersonCell.swift */,
				3259244E257950B6002863AC /* PersonCell.xib */,
				3252860F257C2CE100C4890D /* VideoCell.swift */,
				32528610257C2CE100C4890D /* VideoCell.xib */,
			);
			path = CollectionViewCell;
			sourceTree = "<group>";
		};
		3272FA22257FE02E00B75286 /* PersonMoviesTableCell */ = {
			isa = PBXGroup;
			children = (
				3272FA23257FE0C000B75286 /* PersonMoviesCell.swift */,
				3272FA24257FE0C000B75286 /* PersonMoviesCell.xib */,
			);
			path = PersonMoviesTableCell;
			sourceTree = "<group>";
		};
		327D7BC1257AAECB003CB45A /* PersonDetail */ = {
			isa = PBXGroup;
			children = (
				327D7BC2257AAF0F003CB45A /* PersonDetailViewController.swift */,
				327D7BC3257AAF0F003CB45A /* PersonDetailViewController.xib */,
				3272FA22257FE02E00B75286 /* PersonMoviesTableCell */,
				32E5B31A257ECDB000906406 /* PersonImagesCollectionCell */,
			);
			path = PersonDetail;
			sourceTree = "<group>";
		};
		32E5B31A257ECDB000906406 /* PersonImagesCollectionCell */ = {
			isa = PBXGroup;
			children = (
				32E5B31B257ECDD600906406 /* PersonImagesCell.swift */,
				32E5B31C257ECDD600906406 /* PersonImagesCell.xib */,
			);
			path = PersonImagesCollectionCell;
			sourceTree = "<group>";
		};
		32FA81922572D5AC0063F372 /* Library */ = {
			isa = PBXGroup;
			children = (
				32FC00132571610400852220 /* Constants */,
				32FC001D2571651F00852220 /* Extensions */,
			);
			path = Library;
			sourceTree = "<group>";
		};
		32FA81932572DA7B0063F372 /* DetailMovie */ = {
			isa = PBXGroup;
			children = (
				32FB53CC25741BBE0004E06C /* DetailMovieViewController.swift */,
				32FB53CD25741BBE0004E06C /* DetailMovieViewController.xib */,
				3259244C2579507E002863AC /* CollectionViewCell */,
			);
			path = DetailMovie;
			sourceTree = "<group>";
		};
		32FB53D225746AD90004E06C /* FooterView */ = {
			isa = PBXGroup;
			children = (
				32FB53D325746AE30004E06C /* FooterView.swift */,
			);
			path = FooterView;
			sourceTree = "<group>";
		};
		32FC000A25715F4700852220 /* Models */ = {
			isa = PBXGroup;
			children = (
				3223387B2576CDAC00CD61B6 /* Entry */,
				3223387A2576CDA500CD61B6 /* Entity */,
				32FA818C2572A6D70063F372 /* MonthsList.swift */,
				32540BED25753999007EB04F /* MovieEntry.swift */,
			);
			path = Models;
			sourceTree = "<group>";
		};
		32FC000D25715F6700852220 /* Service */ = {
			isa = PBXGroup;
			children = (
				32FC000E25715F7400852220 /* NetworkManager.swift */,
				32FA8186257289EF0063F372 /* VoteTextColor.swift */,
				32540BE825753604007EB04F /* Realm */,
				3223387E2576CF8D00CD61B6 /* MovieRepositoryService.swift */,
			);
			path = Service;
			sourceTree = "<group>";
		};
		32FC001025715F7F00852220 /* ViewControllers */ = {
			isa = PBXGroup;
			children = (
				32FC0017257162BE00852220 /* MainTabBarController.swift */,
				322338802577EE0700CD61B6 /* HomeWindow */,
				32FC001B257164E900852220 /* SearchMovie */,
				32FA81932572DA7B0063F372 /* DetailMovie */,
				3252860C257BE96000C4890D /* Favorites */,
				327D7BC1257AAECB003CB45A /* PersonDetail */,
				32540C0E2575AF3B007EB04F /* FullPicture */,
			);
			path = ViewControllers;
			sourceTree = "<group>";
		};
		32FC001225715FA400852220 /* Supporting Files */ = {
			isa = PBXGroup;
			children = (
				32FC00162571618D00852220 /* Storyboard */,
				32FCFFF6257147DD00852220 /* AppDelegate.swift */,
				32FCFFF8257147DD00852220 /* SceneDelegate.swift */,
				32FA81902572BAF00063F372 /* Assets.xcassets */,
			);
			path = "Supporting Files";
			sourceTree = "<group>";
		};
		32FC00132571610400852220 /* Constants */ = {
			isa = PBXGroup;
			children = (
				32FC00142571612000852220 /* ApiKeys.swift */,
				322338842578038900CD61B6 /* HomeMovieList.swift */,
			);
			path = Constants;
			sourceTree = "<group>";
		};
		32FC00162571618D00852220 /* Storyboard */ = {
			isa = PBXGroup;
			children = (
				32FC0001257147E000852220 /* LaunchScreen.storyboard */,
				32FCFFFC257147DD00852220 /* Main.storyboard */,
			);
			path = Storyboard;
			sourceTree = "<group>";
		};
		32FC001B257164E900852220 /* SearchMovie */ = {
			isa = PBXGroup;
			children = (
				32FCFFFA257147DD00852220 /* SearchMovieViewController.swift */,
				32FB53D225746AD90004E06C /* FooterView */,
			);
			path = SearchMovie;
			sourceTree = "<group>";
		};
		32FC001D2571651F00852220 /* Extensions */ = {
			isa = PBXGroup;
			children = (
				32FC00292571965500852220 /* UIImageView.swift */,
				32FA818825729E0A0063F372 /* UIView.swift */,
				3225DC2D258520F800DCD0CB /* UITableView+RegisterCell.swift */,
				3225DC2F25852B8F00DCD0CB /* UICollectionView+RegisterCell.swift */,
				32FA818A2572A5390063F372 /* UILabel.swift */,
				32FB53D0257445450004E06C /* UIColor.swift */,
				32FC001E2571659800852220 /* UITabBarController.swift */,
			);
			path = Extensions;
			sourceTree = "<group>";
		};
		32FC002825718D9000852220 /* CustomCell */ = {
			isa = PBXGroup;
			children = (
				32FC002625718D8100852220 /* SearchMovieCell.swift */,
				32FC002425718D4C00852220 /* SearchMovieCell.xib */,
			);
			path = CustomCell;
			sourceTree = "<group>";
		};
		32FCFFEA257147DD00852220 = {
			isa = PBXGroup;
			children = (
				32FCFFF5257147DD00852220 /* FSMovie */,
				32FCFFF4257147DD00852220 /* Products */,
				0BF94FEEEE3651A983E5E9B0 /* Pods */,
				BC49C1991F8DB2E238B0E1C0 /* Frameworks */,
			);
			sourceTree = "<group>";
		};
		32FCFFF4257147DD00852220 /* Products */ = {
			isa = PBXGroup;
			children = (
				32FCFFF3257147DD00852220 /* FSMovie.app */,
			);
			name = Products;
			sourceTree = "<group>";
		};
		32FCFFF5257147DD00852220 /* FSMovie */ = {
			isa = PBXGroup;
			children = (
				32FA81922572D5AC0063F372 /* Library */,
				32FC000A25715F4700852220 /* Models */,
				32FC000D25715F6700852220 /* Service */,
				32FC001025715F7F00852220 /* ViewControllers */,
				322338832577FE7500CD61B6 /* View */,
				32FC001225715FA400852220 /* Supporting Files */,
				32FC0004257147E000852220 /* Info.plist */,
			);
			path = FSMovie;
			sourceTree = "<group>";
		};
		BC49C1991F8DB2E238B0E1C0 /* Frameworks */ = {
			isa = PBXGroup;
			children = (
				40EDC28455F9A0F538363A37 /* Pods_FSMovie.framework */,
			);
			name = Frameworks;
			sourceTree = "<group>";
		};
/* End PBXGroup section */

/* Begin PBXNativeTarget section */
		32FCFFF2257147DD00852220 /* FSMovie */ = {
			isa = PBXNativeTarget;
			buildConfigurationList = 32FC0007257147E000852220 /* Build configuration list for PBXNativeTarget "FSMovie" */;
			buildPhases = (
				503747F34BC07CB020AE15ED /* [CP] Check Pods Manifest.lock */,
				32FCFFEF257147DD00852220 /* Sources */,
				32FCFFF0257147DD00852220 /* Frameworks */,
				32FCFFF1257147DD00852220 /* Resources */,
				56ADE4E1DC796FD3694A997C /* [CP] Embed Pods Frameworks */,
			);
			buildRules = (
			);
			dependencies = (
			);
			name = FSMovie;
			productName = FSMovie;
			productReference = 32FCFFF3257147DD00852220 /* FSMovie.app */;
			productType = "com.apple.product-type.application";
		};
/* End PBXNativeTarget section */

/* Begin PBXProject section */
		32FCFFEB257147DD00852220 /* Project object */ = {
			isa = PBXProject;
			attributes = {
				LastSwiftUpdateCheck = 1160;
				LastUpgradeCheck = 1160;
				ORGANIZATIONNAME = AirIgor;
				TargetAttributes = {
					32FCFFF2257147DD00852220 = {
						CreatedOnToolsVersion = 11.6;
					};
				};
			};
			buildConfigurationList = 32FCFFEE257147DD00852220 /* Build configuration list for PBXProject "FSMovie" */;
			compatibilityVersion = "Xcode 9.3";
			developmentRegion = en;
			hasScannedForEncodings = 0;
			knownRegions = (
				en,
				Base,
			);
			mainGroup = 32FCFFEA257147DD00852220;
			productRefGroup = 32FCFFF4257147DD00852220 /* Products */;
			projectDirPath = "";
			projectRoot = "";
			targets = (
				32FCFFF2257147DD00852220 /* FSMovie */,
			);
		};
/* End PBXProject section */

/* Begin PBXResourcesBuildPhase section */
		32FCFFF1257147DD00852220 /* Resources */ = {
			isa = PBXResourcesBuildPhase;
			buildActionMask = 2147483647;
			files = (
				32FB53CF25741BBE0004E06C /* DetailMovieViewController.xib in Resources */,
				32FC0003257147E000852220 /* LaunchScreen.storyboard in Resources */,
				32592450257950B6002863AC /* PersonCell.xib in Resources */,
				32528612257C2CE100C4890D /* VideoCell.xib in Resources */,
				3272FA26257FE0C000B75286 /* PersonMoviesCell.xib in Resources */,
				327D7BC5257AAF0F003CB45A /* PersonDetailViewController.xib in Resources */,
				327D7BCB257AEAA7003CB45A /* FullPictureViewController.xib in Resources */,
				32E5B31E257ECDD600906406 /* PersonImagesCell.xib in Resources */,
				32FC002525718D4C00852220 /* SearchMovieCell.xib in Resources */,
				32FA81912572BAF00063F372 /* Assets.xcassets in Resources */,
				32FCFFFE257147DD00852220 /* Main.storyboard in Resources */,
			);
			runOnlyForDeploymentPostprocessing = 0;
		};
/* End PBXResourcesBuildPhase section */

/* Begin PBXShellScriptBuildPhase section */
		503747F34BC07CB020AE15ED /* [CP] Check Pods Manifest.lock */ = {
			isa = PBXShellScriptBuildPhase;
			buildActionMask = 2147483647;
			files = (
			);
			inputFileListPaths = (
			);
			inputPaths = (
				"${PODS_PODFILE_DIR_PATH}/Podfile.lock",
				"${PODS_ROOT}/Manifest.lock",
			);
			name = "[CP] Check Pods Manifest.lock";
			outputFileListPaths = (
			);
			outputPaths = (
				"$(DERIVED_FILE_DIR)/Pods-FSMovie-checkManifestLockResult.txt",
			);
			runOnlyForDeploymentPostprocessing = 0;
			shellPath = /bin/sh;
			shellScript = "diff \"${PODS_PODFILE_DIR_PATH}/Podfile.lock\" \"${PODS_ROOT}/Manifest.lock\" > /dev/null\nif [ $? != 0 ] ; then\n    # print error to STDERR\n    echo \"error: The sandbox is not in sync with the Podfile.lock. Run 'pod install' or update your CocoaPods installation.\" >&2\n    exit 1\nfi\n# This output is used by Xcode 'outputs' to avoid re-running this script phase.\necho \"SUCCESS\" > \"${SCRIPT_OUTPUT_FILE_0}\"\n";
			showEnvVarsInLog = 0;
		};
		56ADE4E1DC796FD3694A997C /* [CP] Embed Pods Frameworks */ = {
			isa = PBXShellScriptBuildPhase;
			buildActionMask = 2147483647;
			files = (
			);
			inputFileListPaths = (
				"${PODS_ROOT}/Target Support Files/Pods-FSMovie/Pods-FSMovie-frameworks-${CONFIGURATION}-input-files.xcfilelist",
			);
			name = "[CP] Embed Pods Frameworks";
			outputFileListPaths = (
				"${PODS_ROOT}/Target Support Files/Pods-FSMovie/Pods-FSMovie-frameworks-${CONFIGURATION}-output-files.xcfilelist",
			);
			runOnlyForDeploymentPostprocessing = 0;
			shellPath = /bin/sh;
			shellScript = "\"${PODS_ROOT}/Target Support Files/Pods-FSMovie/Pods-FSMovie-frameworks.sh\"\n";
			showEnvVarsInLog = 0;
		};
/* End PBXShellScriptBuildPhase section */

/* Begin PBXSourcesBuildPhase section */
		32FCFFEF257147DD00852220 /* Sources */ = {
			isa = PBXSourcesBuildPhase;
			buildActionMask = 2147483647;
			files = (
				327D7BC7257AB8F5003CB45A /* Person.swift in Sources */,
				32FA818D2572A6D70063F372 /* MonthsList.swift in Sources */,
				32FC002A2571965500852220 /* UIImageView.swift in Sources */,
				32FCFFFB257147DD00852220 /* SearchMovieViewController.swift in Sources */,
				32E5B319257EC82800906406 /* PersonImage.swift in Sources */,
				32FCFFF7257147DD00852220 /* AppDelegate.swift in Sources */,
				32FC002725718D8100852220 /* SearchMovieCell.swift in Sources */,
				32540BEA2575369D007EB04F /* StorageService.swift in Sources */,
				32FB53D425746AE30004E06C /* FooterView.swift in Sources */,
				32FC00152571612000852220 /* ApiKeys.swift in Sources */,
				3223387F2576CF8D00CD61B6 /* MovieRepositoryService.swift in Sources */,
				322338822577EE2C00CD61B6 /* HomeWindowMoviesController.swift in Sources */,
				32FB53CE25741BBE0004E06C /* DetailMovieViewController.swift in Sources */,
				322338852578038900CD61B6 /* HomeMovieList.swift in Sources */,
				32E5B31D257ECDD600906406 /* PersonImagesCell.swift in Sources */,
				3272FA25257FE0C000B75286 /* PersonMoviesCell.swift in Sources */,
				3259245225795939002863AC /* CastAndCrew.swift in Sources */,
				3259244F257950B6002863AC /* PersonCell.swift in Sources */,
				32540BEE25753999007EB04F /* MovieEntry.swift in Sources */,
				3223387D2576CDBB00CD61B6 /* DetailMovieEntry.swift in Sources */,
				3225DC3025852B8F00DCD0CB /* UICollectionView+RegisterCell.swift in Sources */,
				32FB53CB2573E0A30004E06C /* DetailMovieEntity.swift in Sources */,
				32540BEC257538C0007EB04F /* MovieStorageService.swift in Sources */,
				32FC0018257162BE00852220 /* MainTabBarController.swift in Sources */,
				32FC000F25715F7400852220 /* NetworkManager.swift in Sources */,
				32FA8187257289EF0063F372 /* VoteTextColor.swift in Sources */,
				32FA819A2572E7E00063F372 /* FavoritesViewController.swift in Sources */,
				3272FA28257FE44C00B75286 /* CastPersonMovies.swift in Sources */,
				32FA818B2572A5390063F372 /* UILabel.swift in Sources */,
				327D7BCA257AEAA7003CB45A /* FullPictureViewController.swift in Sources */,
				3225DC2E258520F800DCD0CB /* UITableView+RegisterCell.swift in Sources */,
				327D7BC4257AAF0F003CB45A /* PersonDetailViewController.swift in Sources */,
				32FB53D1257445450004E06C /* UIColor.swift in Sources */,
				32FA818925729E0A0063F372 /* UIView.swift in Sources */,
				32FC001F2571659800852220 /* UITabBarController.swift in Sources */,
				32528611257C2CE100C4890D /* VideoCell.swift in Sources */,
				3252860E257C262A00C4890D /* Video.swift in Sources */,
				32FC000C25715F6300852220 /* MovieList.swift in Sources */,
				32FCFFF9257147DD00852220 /* SceneDelegate.swift in Sources */,
			);
			runOnlyForDeploymentPostprocessing = 0;
		};
/* End PBXSourcesBuildPhase section */

/* Begin PBXVariantGroup section */
		32FC0001257147E000852220 /* LaunchScreen.storyboard */ = {
			isa = PBXVariantGroup;
			children = (
				32FC0002257147E000852220 /* Base */,
			);
			name = LaunchScreen.storyboard;
			sourceTree = "<group>";
		};
		32FCFFFC257147DD00852220 /* Main.storyboard */ = {
			isa = PBXVariantGroup;
			children = (
				32FCFFFD257147DD00852220 /* Base */,
			);
			name = Main.storyboard;
			sourceTree = "<group>";
		};
/* End PBXVariantGroup section */

/* Begin XCBuildConfiguration section */
		32FC0005257147E000852220 /* Debug */ = {
			isa = XCBuildConfiguration;
			buildSettings = {
				ALWAYS_SEARCH_USER_PATHS = NO;
				CLANG_ANALYZER_NONNULL = YES;
				CLANG_ANALYZER_NUMBER_OBJECT_CONVERSION = YES_AGGRESSIVE;
				CLANG_CXX_LANGUAGE_STANDARD = "gnu++14";
				CLANG_CXX_LIBRARY = "libc++";
				CLANG_ENABLE_MODULES = YES;
				CLANG_ENABLE_OBJC_ARC = YES;
				CLANG_ENABLE_OBJC_WEAK = YES;
				CLANG_WARN_BLOCK_CAPTURE_AUTORELEASING = YES;
				CLANG_WARN_BOOL_CONVERSION = YES;
				CLANG_WARN_COMMA = YES;
				CLANG_WARN_CONSTANT_CONVERSION = YES;
				CLANG_WARN_DEPRECATED_OBJC_IMPLEMENTATIONS = YES;
				CLANG_WARN_DIRECT_OBJC_ISA_USAGE = YES_ERROR;
				CLANG_WARN_DOCUMENTATION_COMMENTS = YES;
				CLANG_WARN_EMPTY_BODY = YES;
				CLANG_WARN_ENUM_CONVERSION = YES;
				CLANG_WARN_INFINITE_RECURSION = YES;
				CLANG_WARN_INT_CONVERSION = YES;
				CLANG_WARN_NON_LITERAL_NULL_CONVERSION = YES;
				CLANG_WARN_OBJC_IMPLICIT_RETAIN_SELF = YES;
				CLANG_WARN_OBJC_LITERAL_CONVERSION = YES;
				CLANG_WARN_OBJC_ROOT_CLASS = YES_ERROR;
				CLANG_WARN_RANGE_LOOP_ANALYSIS = YES;
				CLANG_WARN_STRICT_PROTOTYPES = YES;
				CLANG_WARN_SUSPICIOUS_MOVE = YES;
				CLANG_WARN_UNGUARDED_AVAILABILITY = YES_AGGRESSIVE;
				CLANG_WARN_UNREACHABLE_CODE = YES;
				CLANG_WARN__DUPLICATE_METHOD_MATCH = YES;
				COPY_PHASE_STRIP = NO;
				DEBUG_INFORMATION_FORMAT = dwarf;
				ENABLE_STRICT_OBJC_MSGSEND = YES;
				ENABLE_TESTABILITY = YES;
				GCC_C_LANGUAGE_STANDARD = gnu11;
				GCC_DYNAMIC_NO_PIC = NO;
				GCC_NO_COMMON_BLOCKS = YES;
				GCC_OPTIMIZATION_LEVEL = 0;
				GCC_PREPROCESSOR_DEFINITIONS = (
					"DEBUG=1",
					"$(inherited)",
				);
				GCC_WARN_64_TO_32_BIT_CONVERSION = YES;
				GCC_WARN_ABOUT_RETURN_TYPE = YES_ERROR;
				GCC_WARN_UNDECLARED_SELECTOR = YES;
				GCC_WARN_UNINITIALIZED_AUTOS = YES_AGGRESSIVE;
				GCC_WARN_UNUSED_FUNCTION = YES;
				GCC_WARN_UNUSED_VARIABLE = YES;
				IPHONEOS_DEPLOYMENT_TARGET = 13.6;
				MTL_ENABLE_DEBUG_INFO = INCLUDE_SOURCE;
				MTL_FAST_MATH = YES;
				ONLY_ACTIVE_ARCH = YES;
				SDKROOT = iphoneos;
				SWIFT_ACTIVE_COMPILATION_CONDITIONS = DEBUG;
				SWIFT_OPTIMIZATION_LEVEL = "-Onone";
			};
			name = Debug;
		};
		32FC0006257147E000852220 /* Release */ = {
			isa = XCBuildConfiguration;
			buildSettings = {
				ALWAYS_SEARCH_USER_PATHS = NO;
				CLANG_ANALYZER_NONNULL = YES;
				CLANG_ANALYZER_NUMBER_OBJECT_CONVERSION = YES_AGGRESSIVE;
				CLANG_CXX_LANGUAGE_STANDARD = "gnu++14";
				CLANG_CXX_LIBRARY = "libc++";
				CLANG_ENABLE_MODULES = YES;
				CLANG_ENABLE_OBJC_ARC = YES;
				CLANG_ENABLE_OBJC_WEAK = YES;
				CLANG_WARN_BLOCK_CAPTURE_AUTORELEASING = YES;
				CLANG_WARN_BOOL_CONVERSION = YES;
				CLANG_WARN_COMMA = YES;
				CLANG_WARN_CONSTANT_CONVERSION = YES;
				CLANG_WARN_DEPRECATED_OBJC_IMPLEMENTATIONS = YES;
				CLANG_WARN_DIRECT_OBJC_ISA_USAGE = YES_ERROR;
				CLANG_WARN_DOCUMENTATION_COMMENTS = YES;
				CLANG_WARN_EMPTY_BODY = YES;
				CLANG_WARN_ENUM_CONVERSION = YES;
				CLANG_WARN_INFINITE_RECURSION = YES;
				CLANG_WARN_INT_CONVERSION = YES;
				CLANG_WARN_NON_LITERAL_NULL_CONVERSION = YES;
				CLANG_WARN_OBJC_IMPLICIT_RETAIN_SELF = YES;
				CLANG_WARN_OBJC_LITERAL_CONVERSION = YES;
				CLANG_WARN_OBJC_ROOT_CLASS = YES_ERROR;
				CLANG_WARN_RANGE_LOOP_ANALYSIS = YES;
				CLANG_WARN_STRICT_PROTOTYPES = YES;
				CLANG_WARN_SUSPICIOUS_MOVE = YES;
				CLANG_WARN_UNGUARDED_AVAILABILITY = YES_AGGRESSIVE;
				CLANG_WARN_UNREACHABLE_CODE = YES;
				CLANG_WARN__DUPLICATE_METHOD_MATCH = YES;
				COPY_PHASE_STRIP = NO;
				DEBUG_INFORMATION_FORMAT = "dwarf-with-dsym";
				ENABLE_NS_ASSERTIONS = NO;
				ENABLE_STRICT_OBJC_MSGSEND = YES;
				GCC_C_LANGUAGE_STANDARD = gnu11;
				GCC_NO_COMMON_BLOCKS = YES;
				GCC_WARN_64_TO_32_BIT_CONVERSION = YES;
				GCC_WARN_ABOUT_RETURN_TYPE = YES_ERROR;
				GCC_WARN_UNDECLARED_SELECTOR = YES;
				GCC_WARN_UNINITIALIZED_AUTOS = YES_AGGRESSIVE;
				GCC_WARN_UNUSED_FUNCTION = YES;
				GCC_WARN_UNUSED_VARIABLE = YES;
				IPHONEOS_DEPLOYMENT_TARGET = 13.6;
				MTL_ENABLE_DEBUG_INFO = NO;
				MTL_FAST_MATH = YES;
				SDKROOT = iphoneos;
				SWIFT_COMPILATION_MODE = wholemodule;
				SWIFT_OPTIMIZATION_LEVEL = "-O";
				VALIDATE_PRODUCT = YES;
			};
			name = Release;
		};
		32FC0008257147E000852220 /* Debug */ = {
			isa = XCBuildConfiguration;
			baseConfigurationReference = 14DF4C85171689E5740C0D8E /* Pods-FSMovie.debug.xcconfig */;
			buildSettings = {
				ASSETCATALOG_COMPILER_APPICON_NAME = AppIcon;
				CODE_SIGN_STYLE = Automatic;
				DEVELOPMENT_TEAM = 6ASXVY79V4;
				INFOPLIST_FILE = FSMovie/Info.plist;
				IPHONEOS_DEPLOYMENT_TARGET = 13.6;
				LD_RUNPATH_SEARCH_PATHS = (
					"$(inherited)",
					"@executable_path/Frameworks",
				);
				PRODUCT_BUNDLE_IDENTIFIER = com.airL.FSMovie;
				PRODUCT_NAME = "$(TARGET_NAME)";
				SWIFT_VERSION = 5.0;
				TARGETED_DEVICE_FAMILY = 1;
			};
			name = Debug;
		};
		32FC0009257147E000852220 /* Release */ = {
			isa = XCBuildConfiguration;
			baseConfigurationReference = 73E3667BA89F65C107A93E46 /* Pods-FSMovie.release.xcconfig */;
			buildSettings = {
				ASSETCATALOG_COMPILER_APPICON_NAME = AppIcon;
				CODE_SIGN_STYLE = Automatic;
				DEVELOPMENT_TEAM = 6ASXVY79V4;
				INFOPLIST_FILE = FSMovie/Info.plist;
				IPHONEOS_DEPLOYMENT_TARGET = 13.6;
				LD_RUNPATH_SEARCH_PATHS = (
					"$(inherited)",
					"@executable_path/Frameworks",
				);
				PRODUCT_BUNDLE_IDENTIFIER = com.airL.FSMovie;
				PRODUCT_NAME = "$(TARGET_NAME)";
				SWIFT_VERSION = 5.0;
				TARGETED_DEVICE_FAMILY = 1;
			};
			name = Release;
		};
/* End XCBuildConfiguration section */

/* Begin XCConfigurationList section */
		32FC0007257147E000852220 /* Build configuration list for PBXNativeTarget "FSMovie" */ = {
			isa = XCConfigurationList;
			buildConfigurations = (
				32FC0008257147E000852220 /* Debug */,
				32FC0009257147E000852220 /* Release */,
			);
			defaultConfigurationIsVisible = 0;
			defaultConfigurationName = Release;
		};
		32FCFFEE257147DD00852220 /* Build configuration list for PBXProject "FSMovie" */ = {
			isa = XCConfigurationList;
			buildConfigurations = (
				32FC0005257147E000852220 /* Debug */,
				32FC0006257147E000852220 /* Release */,
			);
			defaultConfigurationIsVisible = 0;
			defaultConfigurationName = Release;
		};
/* End XCConfigurationList section */
	};
	rootObject = 32FCFFEB257147DD00852220 /* Project object */;
}
