// !$*UTF8*$!
{
	archiveVersion = 1;
	classes = {
	};
	objectVersion = 50;
	objects = {

/* Begin PBXBuildFile section */
		32FA8187257289EF0063F372 /* VoteTextManager.swift in Sources */ = {isa = PBXBuildFile; fileRef = 32FA8186257289EF0063F372 /* VoteTextManager.swift */; };
		32FA818925729E0A0063F372 /* UIView.swift in Sources */ = {isa = PBXBuildFile; fileRef = 32FA818825729E0A0063F372 /* UIView.swift */; };
		32FA818B2572A5390063F372 /* UILabel.swift in Sources */ = {isa = PBXBuildFile; fileRef = 32FA818A2572A5390063F372 /* UILabel.swift */; };
		32FA818D2572A6D70063F372 /* MonthsList.swift in Sources */ = {isa = PBXBuildFile; fileRef = 32FA818C2572A6D70063F372 /* MonthsList.swift */; };
		32FA81912572BAF00063F372 /* Assets.xcassets in Resources */ = {isa = PBXBuildFile; fileRef = 32FA81902572BAF00063F372 /* Assets.xcassets */; };
		32FA81962572DECC0063F372 /* DetailCell.xib in Resources */ = {isa = PBXBuildFile; fileRef = 32FA81952572DECC0063F372 /* DetailCell.xib */; };
		32FA819A2572E7E00063F372 /* FavoritesViewController.swift in Sources */ = {isa = PBXBuildFile; fileRef = 32FA81992572E7E00063F372 /* FavoritesViewController.swift */; };
		32FC0003257147E000852220 /* LaunchScreen.storyboard in Resources */ = {isa = PBXBuildFile; fileRef = 32FC0001257147E000852220 /* LaunchScreen.storyboard */; };
		32FC000C25715F6300852220 /* MovieList.swift in Sources */ = {isa = PBXBuildFile; fileRef = 32FC000B25715F6300852220 /* MovieList.swift */; };
		32FC000F25715F7400852220 /* NetworkManager.swift in Sources */ = {isa = PBXBuildFile; fileRef = 32FC000E25715F7400852220 /* NetworkManager.swift */; };
		32FC00152571612000852220 /* ApiKeys.swift in Sources */ = {isa = PBXBuildFile; fileRef = 32FC00142571612000852220 /* ApiKeys.swift */; };
		32FC0018257162BE00852220 /* MainTabBarController.swift in Sources */ = {isa = PBXBuildFile; fileRef = 32FC0017257162BE00852220 /* MainTabBarController.swift */; };
		32FC001A257164DE00852220 /* DetailMovieViewController.swift in Sources */ = {isa = PBXBuildFile; fileRef = 32FC0019257164DE00852220 /* DetailMovieViewController.swift */; };
		32FC001F2571659800852220 /* UITabBarController.swift in Sources */ = {isa = PBXBuildFile; fileRef = 32FC001E2571659800852220 /* UITabBarController.swift */; };
		32FC002525718D4C00852220 /* SearchMovieCell.xib in Resources */ = {isa = PBXBuildFile; fileRef = 32FC002425718D4C00852220 /* SearchMovieCell.xib */; };
		32FC002725718D8100852220 /* SearchMovieCell.swift in Sources */ = {isa = PBXBuildFile; fileRef = 32FC002625718D8100852220 /* SearchMovieCell.swift */; };
		32FC002A2571965500852220 /* UIImageView.swift in Sources */ = {isa = PBXBuildFile; fileRef = 32FC00292571965500852220 /* UIImageView.swift */; };
		32FCFFF7257147DD00852220 /* AppDelegate.swift in Sources */ = {isa = PBXBuildFile; fileRef = 32FCFFF6257147DD00852220 /* AppDelegate.swift */; };
		32FCFFF9257147DD00852220 /* SceneDelegate.swift in Sources */ = {isa = PBXBuildFile; fileRef = 32FCFFF8257147DD00852220 /* SceneDelegate.swift */; };
		32FCFFFB257147DD00852220 /* SearchMovieViewController.swift in Sources */ = {isa = PBXBuildFile; fileRef = 32FCFFFA257147DD00852220 /* SearchMovieViewController.swift */; };
		32FCFFFE257147DD00852220 /* Main.storyboard in Resources */ = {isa = PBXBuildFile; fileRef = 32FCFFFC257147DD00852220 /* Main.storyboard */; };
/* End PBXBuildFile section */

/* Begin PBXFileReference section */
		32FA8186257289EF0063F372 /* VoteTextManager.swift */ = {isa = PBXFileReference; lastKnownFileType = sourcecode.swift; path = VoteTextManager.swift; sourceTree = "<group>"; };
		32FA818825729E0A0063F372 /* UIView.swift */ = {isa = PBXFileReference; lastKnownFileType = sourcecode.swift; path = UIView.swift; sourceTree = "<group>"; };
		32FA818A2572A5390063F372 /* UILabel.swift */ = {isa = PBXFileReference; lastKnownFileType = sourcecode.swift; path = UILabel.swift; sourceTree = "<group>"; };
		32FA818C2572A6D70063F372 /* MonthsList.swift */ = {isa = PBXFileReference; lastKnownFileType = sourcecode.swift; path = MonthsList.swift; sourceTree = "<group>"; };
		32FA81902572BAF00063F372 /* Assets.xcassets */ = {isa = PBXFileReference; lastKnownFileType = folder.assetcatalog; path = Assets.xcassets; sourceTree = "<group>"; };
		32FA81952572DECC0063F372 /* DetailCell.xib */ = {isa = PBXFileReference; lastKnownFileType = file.xib; path = DetailCell.xib; sourceTree = "<group>"; };
		32FA81992572E7E00063F372 /* FavoritesViewController.swift */ = {isa = PBXFileReference; lastKnownFileType = sourcecode.swift; path = FavoritesViewController.swift; sourceTree = "<group>"; };
		32FC0002257147E000852220 /* Base */ = {isa = PBXFileReference; lastKnownFileType = file.storyboard; name = Base; path = Base.lproj/LaunchScreen.storyboard; sourceTree = "<group>"; };
		32FC0004257147E000852220 /* Info.plist */ = {isa = PBXFileReference; lastKnownFileType = text.plist.xml; path = Info.plist; sourceTree = "<group>"; };
		32FC000B25715F6300852220 /* MovieList.swift */ = {isa = PBXFileReference; lastKnownFileType = sourcecode.swift; path = MovieList.swift; sourceTree = "<group>"; };
		32FC000E25715F7400852220 /* NetworkManager.swift */ = {isa = PBXFileReference; lastKnownFileType = sourcecode.swift; path = NetworkManager.swift; sourceTree = "<group>"; };
		32FC00142571612000852220 /* ApiKeys.swift */ = {isa = PBXFileReference; lastKnownFileType = sourcecode.swift; path = ApiKeys.swift; sourceTree = "<group>"; };
		32FC0017257162BE00852220 /* MainTabBarController.swift */ = {isa = PBXFileReference; lastKnownFileType = sourcecode.swift; path = MainTabBarController.swift; sourceTree = "<group>"; };
		32FC0019257164DE00852220 /* DetailMovieViewController.swift */ = {isa = PBXFileReference; lastKnownFileType = sourcecode.swift; path = DetailMovieViewController.swift; sourceTree = "<group>"; };
		32FC001E2571659800852220 /* UITabBarController.swift */ = {isa = PBXFileReference; lastKnownFileType = sourcecode.swift; path = UITabBarController.swift; sourceTree = "<group>"; };
		32FC002425718D4C00852220 /* SearchMovieCell.xib */ = {isa = PBXFileReference; lastKnownFileType = file.xib; path = SearchMovieCell.xib; sourceTree = "<group>"; };
		32FC002625718D8100852220 /* SearchMovieCell.swift */ = {isa = PBXFileReference; lastKnownFileType = sourcecode.swift; path = SearchMovieCell.swift; sourceTree = "<group>"; };
		32FC00292571965500852220 /* UIImageView.swift */ = {isa = PBXFileReference; lastKnownFileType = sourcecode.swift; path = UIImageView.swift; sourceTree = "<group>"; };
		32FCFFF3257147DD00852220 /* FSMovie.app */ = {isa = PBXFileReference; explicitFileType = wrapper.application; includeInIndex = 0; path = FSMovie.app; sourceTree = BUILT_PRODUCTS_DIR; };
		32FCFFF6257147DD00852220 /* AppDelegate.swift */ = {isa = PBXFileReference; lastKnownFileType = sourcecode.swift; path = AppDelegate.swift; sourceTree = "<group>"; };
		32FCFFF8257147DD00852220 /* SceneDelegate.swift */ = {isa = PBXFileReference; lastKnownFileType = sourcecode.swift; path = SceneDelegate.swift; sourceTree = "<group>"; };
		32FCFFFA257147DD00852220 /* SearchMovieViewController.swift */ = {isa = PBXFileReference; lastKnownFileType = sourcecode.swift; path = SearchMovieViewController.swift; sourceTree = "<group>"; };
		32FCFFFD257147DD00852220 /* Base */ = {isa = PBXFileReference; lastKnownFileType = file.storyboard; name = Base; path = Base.lproj/Main.storyboard; sourceTree = "<group>"; };
/* End PBXFileReference section */

/* Begin PBXFrameworksBuildPhase section */
		32FCFFF0257147DD00852220 /* Frameworks */ = {
			isa = PBXFrameworksBuildPhase;
			buildActionMask = 2147483647;
			files = (
			);
			runOnlyForDeploymentPostprocessing = 0;
		};
/* End PBXFrameworksBuildPhase section */

/* Begin PBXGroup section */
		32FA81922572D5AC0063F372 /* Library */ = {
			isa = PBXGroup;
			children = (
				32FC001D2571651F00852220 /* Extensions */,
			);
			path = Library;
			sourceTree = "<group>";
		};
		32FA81932572DA7B0063F372 /* DetailMovie */ = {
			isa = PBXGroup;
			children = (
				32FC0019257164DE00852220 /* DetailMovieViewController.swift */,
				32FA81952572DECC0063F372 /* DetailCell.xib */,
			);
			path = DetailMovie;
			sourceTree = "<group>";
		};
		32FC000A25715F4700852220 /* Models */ = {
			isa = PBXGroup;
			children = (
				32FC000B25715F6300852220 /* MovieList.swift */,
				32FA818C2572A6D70063F372 /* MonthsList.swift */,
			);
			path = Models;
			sourceTree = "<group>";
		};
		32FC000D25715F6700852220 /* Service */ = {
			isa = PBXGroup;
			children = (
				32FC000E25715F7400852220 /* NetworkManager.swift */,
				32FA8186257289EF0063F372 /* VoteTextManager.swift */,
			);
			path = Service;
			sourceTree = "<group>";
		};
		32FC001025715F7F00852220 /* ViewControllers */ = {
			isa = PBXGroup;
			children = (
				32FC0017257162BE00852220 /* MainTabBarController.swift */,
				32FC001B257164E900852220 /* SearchMovie */,
				32FA81932572DA7B0063F372 /* DetailMovie */,
				32FA81992572E7E00063F372 /* FavoritesViewController.swift */,
			);
			path = ViewControllers;
			sourceTree = "<group>";
		};
		32FC001225715FA400852220 /* Supporting Files */ = {
			isa = PBXGroup;
			children = (
				32FC00132571610400852220 /* Constants */,
				32FC00162571618D00852220 /* Storyboard */,
				32FCFFF6257147DD00852220 /* AppDelegate.swift */,
				32FCFFF8257147DD00852220 /* SceneDelegate.swift */,
				32FA81902572BAF00063F372 /* Assets.xcassets */,
			);
			path = "Supporting Files";
			sourceTree = "<group>";
		};
		32FC00132571610400852220 /* Constants */ = {
			isa = PBXGroup;
			children = (
				32FC00142571612000852220 /* ApiKeys.swift */,
			);
			path = Constants;
			sourceTree = "<group>";
		};
		32FC00162571618D00852220 /* Storyboard */ = {
			isa = PBXGroup;
			children = (
				32FC0001257147E000852220 /* LaunchScreen.storyboard */,
				32FCFFFC257147DD00852220 /* Main.storyboard */,
			);
			path = Storyboard;
			sourceTree = "<group>";
		};
		32FC001B257164E900852220 /* SearchMovie */ = {
			isa = PBXGroup;
			children = (
				32FCFFFA257147DD00852220 /* SearchMovieViewController.swift */,
				32FC002825718D9000852220 /* Cell */,
			);
			path = SearchMovie;
			sourceTree = "<group>";
		};
		32FC001D2571651F00852220 /* Extensions */ = {
			isa = PBXGroup;
			children = (
				32FC00292571965500852220 /* UIImageView.swift */,
				32FA818825729E0A0063F372 /* UIView.swift */,
				32FA818A2572A5390063F372 /* UILabel.swift */,
				32FC001E2571659800852220 /* UITabBarController.swift */,
			);
			path = Extensions;
			sourceTree = "<group>";
		};
		32FC002825718D9000852220 /* Cell */ = {
			isa = PBXGroup;
			children = (
				32FC002625718D8100852220 /* SearchMovieCell.swift */,
				32FC002425718D4C00852220 /* SearchMovieCell.xib */,
			);
			path = Cell;
			sourceTree = "<group>";
		};
		32FCFFEA257147DD00852220 = {
			isa = PBXGroup;
			children = (
				32FCFFF5257147DD00852220 /* FSMovie */,
				32FCFFF4257147DD00852220 /* Products */,
			);
			sourceTree = "<group>";
		};
		32FCFFF4257147DD00852220 /* Products */ = {
			isa = PBXGroup;
			children = (
				32FCFFF3257147DD00852220 /* FSMovie.app */,
			);
			name = Products;
			sourceTree = "<group>";
		};
		32FCFFF5257147DD00852220 /* FSMovie */ = {
			isa = PBXGroup;
			children = (
				32FA81922572D5AC0063F372 /* Library */,
				32FC000A25715F4700852220 /* Models */,
				32FC000D25715F6700852220 /* Service */,
				32FC001025715F7F00852220 /* ViewControllers */,
				32FC001225715FA400852220 /* Supporting Files */,
				32FC0004257147E000852220 /* Info.plist */,
			);
			path = FSMovie;
			sourceTree = "<group>";
		};
/* End PBXGroup section */

/* Begin PBXNativeTarget section */
		32FCFFF2257147DD00852220 /* FSMovie */ = {
			isa = PBXNativeTarget;
			buildConfigurationList = 32FC0007257147E000852220 /* Build configuration list for PBXNativeTarget "FSMovie" */;
			buildPhases = (
				32FCFFEF257147DD00852220 /* Sources */,
				32FCFFF0257147DD00852220 /* Frameworks */,
				32FCFFF1257147DD00852220 /* Resources */,
			);
			buildRules = (
			);
			dependencies = (
			);
			name = FSMovie;
			productName = FSMovie;
			productReference = 32FCFFF3257147DD00852220 /* FSMovie.app */;
			productType = "com.apple.product-type.application";
		};
/* End PBXNativeTarget section */

/* Begin PBXProject section */
		32FCFFEB257147DD00852220 /* Project object */ = {
			isa = PBXProject;
			attributes = {
				LastSwiftUpdateCheck = 1160;
				LastUpgradeCheck = 1160;
				ORGANIZATIONNAME = AirIgor;
				TargetAttributes = {
					32FCFFF2257147DD00852220 = {
						CreatedOnToolsVersion = 11.6;
					};
				};
			};
			buildConfigurationList = 32FCFFEE257147DD00852220 /* Build configuration list for PBXProject "FSMovie" */;
			compatibilityVersion = "Xcode 9.3";
			developmentRegion = en;
			hasScannedForEncodings = 0;
			knownRegions = (
				en,
				Base,
			);
			mainGroup = 32FCFFEA257147DD00852220;
			productRefGroup = 32FCFFF4257147DD00852220 /* Products */;
			projectDirPath = "";
			projectRoot = "";
			targets = (
				32FCFFF2257147DD00852220 /* FSMovie */,
			);
		};
/* End PBXProject section */

/* Begin PBXResourcesBuildPhase section */
		32FCFFF1257147DD00852220 /* Resources */ = {
			isa = PBXResourcesBuildPhase;
			buildActionMask = 2147483647;
			files = (
				32FC0003257147E000852220 /* LaunchScreen.storyboard in Resources */,
				32FC002525718D4C00852220 /* SearchMovieCell.xib in Resources */,
				32FA81912572BAF00063F372 /* Assets.xcassets in Resources */,
				32FCFFFE257147DD00852220 /* Main.storyboard in Resources */,
				32FA81962572DECC0063F372 /* DetailCell.xib in Resources */,
			);
			runOnlyForDeploymentPostprocessing = 0;
		};
/* End PBXResourcesBuildPhase section */

/* Begin PBXSourcesBuildPhase section */
		32FCFFEF257147DD00852220 /* Sources */ = {
			isa = PBXSourcesBuildPhase;
			buildActionMask = 2147483647;
			files = (
				32FA818D2572A6D70063F372 /* MonthsList.swift in Sources */,
				32FC002A2571965500852220 /* UIImageView.swift in Sources */,
				32FCFFFB257147DD00852220 /* SearchMovieViewController.swift in Sources */,
				32FCFFF7257147DD00852220 /* AppDelegate.swift in Sources */,
				32FC002725718D8100852220 /* SearchMovieCell.swift in Sources */,
				32FC00152571612000852220 /* ApiKeys.swift in Sources */,
				32FC0018257162BE00852220 /* MainTabBarController.swift in Sources */,
				32FC001A257164DE00852220 /* DetailMovieViewController.swift in Sources */,
				32FC000F25715F7400852220 /* NetworkManager.swift in Sources */,
				32FA8187257289EF0063F372 /* VoteTextManager.swift in Sources */,
				32FA819A2572E7E00063F372 /* FavoritesViewController.swift in Sources */,
				32FA818B2572A5390063F372 /* UILabel.swift in Sources */,
				32FA818925729E0A0063F372 /* UIView.swift in Sources */,
				32FC001F2571659800852220 /* UITabBarController.swift in Sources */,
				32FC000C25715F6300852220 /* MovieList.swift in Sources */,
				32FCFFF9257147DD00852220 /* SceneDelegate.swift in Sources */,
			);
			runOnlyForDeploymentPostprocessing = 0;
		};
/* End PBXSourcesBuildPhase section */

/* Begin PBXVariantGroup section */
		32FC0001257147E000852220 /* LaunchScreen.storyboard */ = {
			isa = PBXVariantGroup;
			children = (
				32FC0002257147E000852220 /* Base */,
			);
			name = LaunchScreen.storyboard;
			sourceTree = "<group>";
		};
		32FCFFFC257147DD00852220 /* Main.storyboard */ = {
			isa = PBXVariantGroup;
			children = (
				32FCFFFD257147DD00852220 /* Base */,
			);
			name = Main.storyboard;
			sourceTree = "<group>";
		};
/* End PBXVariantGroup section */

/* Begin XCBuildConfiguration section */
		32FC0005257147E000852220 /* Debug */ = {
			isa = XCBuildConfiguration;
			buildSettings = {
				ALWAYS_SEARCH_USER_PATHS = NO;
				CLANG_ANALYZER_NONNULL = YES;
				CLANG_ANALYZER_NUMBER_OBJECT_CONVERSION = YES_AGGRESSIVE;
				CLANG_CXX_LANGUAGE_STANDARD = "gnu++14";
				CLANG_CXX_LIBRARY = "libc++";
				CLANG_ENABLE_MODULES = YES;
				CLANG_ENABLE_OBJC_ARC = YES;
				CLANG_ENABLE_OBJC_WEAK = YES;
				CLANG_WARN_BLOCK_CAPTURE_AUTORELEASING = YES;
				CLANG_WARN_BOOL_CONVERSION = YES;
				CLANG_WARN_COMMA = YES;
				CLANG_WARN_CONSTANT_CONVERSION = YES;
				CLANG_WARN_DEPRECATED_OBJC_IMPLEMENTATIONS = YES;
				CLANG_WARN_DIRECT_OBJC_ISA_USAGE = YES_ERROR;
				CLANG_WARN_DOCUMENTATION_COMMENTS = YES;
				CLANG_WARN_EMPTY_BODY = YES;
				CLANG_WARN_ENUM_CONVERSION = YES;
				CLANG_WARN_INFINITE_RECURSION = YES;
				CLANG_WARN_INT_CONVERSION = YES;
				CLANG_WARN_NON_LITERAL_NULL_CONVERSION = YES;
				CLANG_WARN_OBJC_IMPLICIT_RETAIN_SELF = YES;
				CLANG_WARN_OBJC_LITERAL_CONVERSION = YES;
				CLANG_WARN_OBJC_ROOT_CLASS = YES_ERROR;
				CLANG_WARN_RANGE_LOOP_ANALYSIS = YES;
				CLANG_WARN_STRICT_PROTOTYPES = YES;
				CLANG_WARN_SUSPICIOUS_MOVE = YES;
				CLANG_WARN_UNGUARDED_AVAILABILITY = YES_AGGRESSIVE;
				CLANG_WARN_UNREACHABLE_CODE = YES;
				CLANG_WARN__DUPLICATE_METHOD_MATCH = YES;
				COPY_PHASE_STRIP = NO;
				DEBUG_INFORMATION_FORMAT = dwarf;
				ENABLE_STRICT_OBJC_MSGSEND = YES;
				ENABLE_TESTABILITY = YES;
				GCC_C_LANGUAGE_STANDARD = gnu11;
				GCC_DYNAMIC_NO_PIC = NO;
				GCC_NO_COMMON_BLOCKS = YES;
				GCC_OPTIMIZATION_LEVEL = 0;
				GCC_PREPROCESSOR_DEFINITIONS = (
					"DEBUG=1",
					"$(inherited)",
				);
				GCC_WARN_64_TO_32_BIT_CONVERSION = YES;
				GCC_WARN_ABOUT_RETURN_TYPE = YES_ERROR;
				GCC_WARN_UNDECLARED_SELECTOR = YES;
				GCC_WARN_UNINITIALIZED_AUTOS = YES_AGGRESSIVE;
				GCC_WARN_UNUSED_FUNCTION = YES;
				GCC_WARN_UNUSED_VARIABLE = YES;
				IPHONEOS_DEPLOYMENT_TARGET = 13.6;
				MTL_ENABLE_DEBUG_INFO = INCLUDE_SOURCE;
				MTL_FAST_MATH = YES;
				ONLY_ACTIVE_ARCH = YES;
				SDKROOT = iphoneos;
				SWIFT_ACTIVE_COMPILATION_CONDITIONS = DEBUG;
				SWIFT_OPTIMIZATION_LEVEL = "-Onone";
			};
			name = Debug;
		};
		32FC0006257147E000852220 /* Release */ = {
			isa = XCBuildConfiguration;
			buildSettings = {
				ALWAYS_SEARCH_USER_PATHS = NO;
				CLANG_ANALYZER_NONNULL = YES;
				CLANG_ANALYZER_NUMBER_OBJECT_CONVERSION = YES_AGGRESSIVE;
				CLANG_CXX_LANGUAGE_STANDARD = "gnu++14";
				CLANG_CXX_LIBRARY = "libc++";
				CLANG_ENABLE_MODULES = YES;
				CLANG_ENABLE_OBJC_ARC = YES;
				CLANG_ENABLE_OBJC_WEAK = YES;
				CLANG_WARN_BLOCK_CAPTURE_AUTORELEASING = YES;
				CLANG_WARN_BOOL_CONVERSION = YES;
				CLANG_WARN_COMMA = YES;
				CLANG_WARN_CONSTANT_CONVERSION = YES;
				CLANG_WARN_DEPRECATED_OBJC_IMPLEMENTATIONS = YES;
				CLANG_WARN_DIRECT_OBJC_ISA_USAGE = YES_ERROR;
				CLANG_WARN_DOCUMENTATION_COMMENTS = YES;
				CLANG_WARN_EMPTY_BODY = YES;
				CLANG_WARN_ENUM_CONVERSION = YES;
				CLANG_WARN_INFINITE_RECURSION = YES;
				CLANG_WARN_INT_CONVERSION = YES;
				CLANG_WARN_NON_LITERAL_NULL_CONVERSION = YES;
				CLANG_WARN_OBJC_IMPLICIT_RETAIN_SELF = YES;
				CLANG_WARN_OBJC_LITERAL_CONVERSION = YES;
				CLANG_WARN_OBJC_ROOT_CLASS = YES_ERROR;
				CLANG_WARN_RANGE_LOOP_ANALYSIS = YES;
				CLANG_WARN_STRICT_PROTOTYPES = YES;
				CLANG_WARN_SUSPICIOUS_MOVE = YES;
				CLANG_WARN_UNGUARDED_AVAILABILITY = YES_AGGRESSIVE;
				CLANG_WARN_UNREACHABLE_CODE = YES;
				CLANG_WARN__DUPLICATE_METHOD_MATCH = YES;
				COPY_PHASE_STRIP = NO;
				DEBUG_INFORMATION_FORMAT = "dwarf-with-dsym";
				ENABLE_NS_ASSERTIONS = NO;
				ENABLE_STRICT_OBJC_MSGSEND = YES;
				GCC_C_LANGUAGE_STANDARD = gnu11;
				GCC_NO_COMMON_BLOCKS = YES;
				GCC_WARN_64_TO_32_BIT_CONVERSION = YES;
				GCC_WARN_ABOUT_RETURN_TYPE = YES_ERROR;
				GCC_WARN_UNDECLARED_SELECTOR = YES;
				GCC_WARN_UNINITIALIZED_AUTOS = YES_AGGRESSIVE;
				GCC_WARN_UNUSED_FUNCTION = YES;
				GCC_WARN_UNUSED_VARIABLE = YES;
				IPHONEOS_DEPLOYMENT_TARGET = 13.6;
				MTL_ENABLE_DEBUG_INFO = NO;
				MTL_FAST_MATH = YES;
				SDKROOT = iphoneos;
				SWIFT_COMPILATION_MODE = wholemodule;
				SWIFT_OPTIMIZATION_LEVEL = "-O";
				VALIDATE_PRODUCT = YES;
			};
			name = Release;
		};
		32FC0008257147E000852220 /* Debug */ = {
			isa = XCBuildConfiguration;
			buildSettings = {
				ASSETCATALOG_COMPILER_APPICON_NAME = AppIcon;
				CODE_SIGN_STYLE = Automatic;
				DEVELOPMENT_TEAM = 6ASXVY79V4;
				INFOPLIST_FILE = FSMovie/Info.plist;
				LD_RUNPATH_SEARCH_PATHS = (
					"$(inherited)",
					"@executable_path/Frameworks",
				);
				PRODUCT_BUNDLE_IDENTIFIER = com.airL.FSMovie;
				PRODUCT_NAME = "$(TARGET_NAME)";
				SWIFT_VERSION = 5.0;
				TARGETED_DEVICE_FAMILY = "1,2";
			};
			name = Debug;
		};
		32FC0009257147E000852220 /* Release */ = {
			isa = XCBuildConfiguration;
			buildSettings = {
				ASSETCATALOG_COMPILER_APPICON_NAME = AppIcon;
				CODE_SIGN_STYLE = Automatic;
				DEVELOPMENT_TEAM = 6ASXVY79V4;
				INFOPLIST_FILE = FSMovie/Info.plist;
				LD_RUNPATH_SEARCH_PATHS = (
					"$(inherited)",
					"@executable_path/Frameworks",
				);
				PRODUCT_BUNDLE_IDENTIFIER = com.airL.FSMovie;
				PRODUCT_NAME = "$(TARGET_NAME)";
				SWIFT_VERSION = 5.0;
				TARGETED_DEVICE_FAMILY = "1,2";
			};
			name = Release;
		};
/* End XCBuildConfiguration section */

/* Begin XCConfigurationList section */
		32FC0007257147E000852220 /* Build configuration list for PBXNativeTarget "FSMovie" */ = {
			isa = XCConfigurationList;
			buildConfigurations = (
				32FC0008257147E000852220 /* Debug */,
				32FC0009257147E000852220 /* Release */,
			);
			defaultConfigurationIsVisible = 0;
			defaultConfigurationName = Release;
		};
		32FCFFEE257147DD00852220 /* Build configuration list for PBXProject "FSMovie" */ = {
			isa = XCConfigurationList;
			buildConfigurations = (
				32FC0005257147E000852220 /* Debug */,
				32FC0006257147E000852220 /* Release */,
			);
			defaultConfigurationIsVisible = 0;
			defaultConfigurationName = Release;
		};
/* End XCConfigurationList section */
	};
	rootObject = 32FCFFEB257147DD00852220 /* Project object */;
}
