// !$*UTF8*$!
{
	archiveVersion = 1;
	classes = {
	};
	objectVersion = 50;
	objects = {

/* Begin PBXBuildFile section */
		32283D1025003A03001ED185 /* CustomTableViewCell.swift in Sources */ = {isa = PBXBuildFile; fileRef = 32283D0E25003A03001ED185 /* CustomTableViewCell.swift */; };
		32283D1125003A03001ED185 /* CustomTableViewCell.xib in Resources */ = {isa = PBXBuildFile; fileRef = 32283D0F25003A03001ED185 /* CustomTableViewCell.xib */; };
		32283D17250049CF001ED185 /* DetailSearchViewController.swift in Sources */ = {isa = PBXBuildFile; fileRef = 32283D16250049CF001ED185 /* DetailSearchViewController.swift */; };
		32283D1A25005783001ED185 /* CustomTableViewCellTwo.swift in Sources */ = {isa = PBXBuildFile; fileRef = 32283D1825005783001ED185 /* CustomTableViewCellTwo.swift */; };
		32283D1B25005783001ED185 /* CustomTableViewCellTwo.xib in Resources */ = {isa = PBXBuildFile; fileRef = 32283D1925005783001ED185 /* CustomTableViewCellTwo.xib */; };
		32283D1E25005854001ED185 /* CustomTableViewCellThree.swift in Sources */ = {isa = PBXBuildFile; fileRef = 32283D1C25005854001ED185 /* CustomTableViewCellThree.swift */; };
		32283D1F25005854001ED185 /* CustomTableViewCellThree.xib in Resources */ = {isa = PBXBuildFile; fileRef = 32283D1D25005854001ED185 /* CustomTableViewCellThree.xib */; };
		323B432224FAD5990076D074 /* AppDelegate.swift in Sources */ = {isa = PBXBuildFile; fileRef = 323B432124FAD5990076D074 /* AppDelegate.swift */; };
		323B432424FAD5990076D074 /* SceneDelegate.swift in Sources */ = {isa = PBXBuildFile; fileRef = 323B432324FAD5990076D074 /* SceneDelegate.swift */; };
		323B432924FAD5990076D074 /* Main.storyboard in Resources */ = {isa = PBXBuildFile; fileRef = 323B432724FAD5990076D074 /* Main.storyboard */; };
		323B432B24FAD59A0076D074 /* Assets.xcassets in Resources */ = {isa = PBXBuildFile; fileRef = 323B432A24FAD59A0076D074 /* Assets.xcassets */; };
		323B432E24FAD59A0076D074 /* LaunchScreen.storyboard in Resources */ = {isa = PBXBuildFile; fileRef = 323B432C24FAD59A0076D074 /* LaunchScreen.storyboard */; };
		323B433724FAD6240076D074 /* CoctailNetworkManager.swift in Sources */ = {isa = PBXBuildFile; fileRef = 323B433624FAD6240076D074 /* CoctailNetworkManager.swift */; };
		323B433924FAD8440076D074 /* CoctailListData.swift in Sources */ = {isa = PBXBuildFile; fileRef = 323B433824FAD8440076D074 /* CoctailListData.swift */; };
		323B433B24FADC7E0076D074 /* MainTableViewController.swift in Sources */ = {isa = PBXBuildFile; fileRef = 323B433A24FADC7E0076D074 /* MainTableViewController.swift */; };
		32F65EBA24FD020E0061F4D2 /* DetailRandomViewController.swift in Sources */ = {isa = PBXBuildFile; fileRef = 32F65EB924FD020E0061F4D2 /* DetailRandomViewController.swift */; };
		32F65EC124FD3E790061F4D2 /* UIImageView+DownloadImage.swift in Sources */ = {isa = PBXBuildFile; fileRef = 32F65EC024FD3E790061F4D2 /* UIImageView+DownloadImage.swift */; };
		32F65EC324FD6C990061F4D2 /* SearchCoctailViewController.swift in Sources */ = {isa = PBXBuildFile; fileRef = 32F65EC224FD6C990061F4D2 /* SearchCoctailViewController.swift */; };
		32F65EC624FD7BCB0061F4D2 /* ApiConstants.swift in Sources */ = {isa = PBXBuildFile; fileRef = 32F65EC524FD7BCB0061F4D2 /* ApiConstants.swift */; };
/* End PBXBuildFile section */

/* Begin PBXFileReference section */
		32283D0E25003A03001ED185 /* CustomTableViewCell.swift */ = {isa = PBXFileReference; lastKnownFileType = sourcecode.swift; path = CustomTableViewCell.swift; sourceTree = "<group>"; };
		32283D0F25003A03001ED185 /* CustomTableViewCell.xib */ = {isa = PBXFileReference; lastKnownFileType = file.xib; path = CustomTableViewCell.xib; sourceTree = "<group>"; };
		32283D16250049CF001ED185 /* DetailSearchViewController.swift */ = {isa = PBXFileReference; lastKnownFileType = sourcecode.swift; path = DetailSearchViewController.swift; sourceTree = "<group>"; };
		32283D1825005783001ED185 /* CustomTableViewCellTwo.swift */ = {isa = PBXFileReference; lastKnownFileType = sourcecode.swift; path = CustomTableViewCellTwo.swift; sourceTree = "<group>"; };
		32283D1925005783001ED185 /* CustomTableViewCellTwo.xib */ = {isa = PBXFileReference; lastKnownFileType = file.xib; path = CustomTableViewCellTwo.xib; sourceTree = "<group>"; };
		32283D1C25005854001ED185 /* CustomTableViewCellThree.swift */ = {isa = PBXFileReference; lastKnownFileType = sourcecode.swift; path = CustomTableViewCellThree.swift; sourceTree = "<group>"; };
		32283D1D25005854001ED185 /* CustomTableViewCellThree.xib */ = {isa = PBXFileReference; lastKnownFileType = file.xib; path = CustomTableViewCellThree.xib; sourceTree = "<group>"; };
		323B431E24FAD5990076D074 /* CoctailHelper.app */ = {isa = PBXFileReference; explicitFileType = wrapper.application; includeInIndex = 0; path = CoctailHelper.app; sourceTree = BUILT_PRODUCTS_DIR; };
		323B432124FAD5990076D074 /* AppDelegate.swift */ = {isa = PBXFileReference; lastKnownFileType = sourcecode.swift; path = AppDelegate.swift; sourceTree = "<group>"; };
		323B432324FAD5990076D074 /* SceneDelegate.swift */ = {isa = PBXFileReference; lastKnownFileType = sourcecode.swift; path = SceneDelegate.swift; sourceTree = "<group>"; };
		323B432824FAD5990076D074 /* Base */ = {isa = PBXFileReference; lastKnownFileType = file.storyboard; name = Base; path = Base.lproj/Main.storyboard; sourceTree = "<group>"; };
		323B432A24FAD59A0076D074 /* Assets.xcassets */ = {isa = PBXFileReference; lastKnownFileType = folder.assetcatalog; path = Assets.xcassets; sourceTree = "<group>"; };
		323B432D24FAD59A0076D074 /* Base */ = {isa = PBXFileReference; lastKnownFileType = file.storyboard; name = Base; path = Base.lproj/LaunchScreen.storyboard; sourceTree = "<group>"; };
		323B432F24FAD59A0076D074 /* Info.plist */ = {isa = PBXFileReference; lastKnownFileType = text.plist.xml; path = Info.plist; sourceTree = "<group>"; };
		323B433624FAD6240076D074 /* CoctailNetworkManager.swift */ = {isa = PBXFileReference; lastKnownFileType = sourcecode.swift; path = CoctailNetworkManager.swift; sourceTree = "<group>"; };
		323B433824FAD8440076D074 /* CoctailListData.swift */ = {isa = PBXFileReference; lastKnownFileType = sourcecode.swift; path = CoctailListData.swift; sourceTree = "<group>"; };
		323B433A24FADC7E0076D074 /* MainTableViewController.swift */ = {isa = PBXFileReference; lastKnownFileType = sourcecode.swift; path = MainTableViewController.swift; sourceTree = "<group>"; };
		32F65EB924FD020E0061F4D2 /* DetailRandomViewController.swift */ = {isa = PBXFileReference; lastKnownFileType = sourcecode.swift; path = DetailRandomViewController.swift; sourceTree = "<group>"; };
		32F65EC024FD3E790061F4D2 /* UIImageView+DownloadImage.swift */ = {isa = PBXFileReference; lastKnownFileType = sourcecode.swift; path = "UIImageView+DownloadImage.swift"; sourceTree = "<group>"; };
		32F65EC224FD6C990061F4D2 /* SearchCoctailViewController.swift */ = {isa = PBXFileReference; lastKnownFileType = sourcecode.swift; path = SearchCoctailViewController.swift; sourceTree = "<group>"; };
		32F65EC524FD7BCB0061F4D2 /* ApiConstants.swift */ = {isa = PBXFileReference; lastKnownFileType = sourcecode.swift; path = ApiConstants.swift; sourceTree = "<group>"; };
/* End PBXFileReference section */

/* Begin PBXFrameworksBuildPhase section */
		323B431B24FAD5990076D074 /* Frameworks */ = {
			isa = PBXFrameworksBuildPhase;
			buildActionMask = 2147483647;
			files = (
			);
			runOnlyForDeploymentPostprocessing = 0;
		};
/* End PBXFrameworksBuildPhase section */

/* Begin PBXGroup section */
		323B431524FAD5990076D074 = {
			isa = PBXGroup;
			children = (
				323B432024FAD5990076D074 /* CoctailHelper */,
				323B431F24FAD5990076D074 /* Products */,
			);
			sourceTree = "<group>";
		};
		323B431F24FAD5990076D074 /* Products */ = {
			isa = PBXGroup;
			children = (
				323B431E24FAD5990076D074 /* CoctailHelper.app */,
			);
			name = Products;
			sourceTree = "<group>";
		};
		323B432024FAD5990076D074 /* CoctailHelper */ = {
			isa = PBXGroup;
			children = (
				32F65EBF24FD3E550061F4D2 /* Extensions */,
				32F65EC424FD7BBE0061F4D2 /* Constants */,
				323B433524FAD6050076D074 /* Models */,
				32E14BB424FBBE2200EB2D7F /* View Controllers */,
				32E14BB524FBBE6A00EB2D7F /* View */,
				323B432A24FAD59A0076D074 /* Assets.xcassets */,
				323B432F24FAD59A0076D074 /* Info.plist */,
				323B432124FAD5990076D074 /* AppDelegate.swift */,
				323B432324FAD5990076D074 /* SceneDelegate.swift */,
			);
			path = CoctailHelper;
			sourceTree = "<group>";
		};
		323B433524FAD6050076D074 /* Models */ = {
			isa = PBXGroup;
			children = (
				323B433624FAD6240076D074 /* CoctailNetworkManager.swift */,
				323B433824FAD8440076D074 /* CoctailListData.swift */,
			);
			path = Models;
			sourceTree = "<group>";
		};
		32E14BB424FBBE2200EB2D7F /* View Controllers */ = {
			isa = PBXGroup;
			children = (
				323B433A24FADC7E0076D074 /* MainTableViewController.swift */,
				32F65EB924FD020E0061F4D2 /* DetailRandomViewController.swift */,
				32F65EC224FD6C990061F4D2 /* SearchCoctailViewController.swift */,
				32283D16250049CF001ED185 /* DetailSearchViewController.swift */,
				32283D0E25003A03001ED185 /* CustomTableViewCell.swift */,
				32283D0F25003A03001ED185 /* CustomTableViewCell.xib */,
				32283D1825005783001ED185 /* CustomTableViewCellTwo.swift */,
				32283D1925005783001ED185 /* CustomTableViewCellTwo.xib */,
				32283D1C25005854001ED185 /* CustomTableViewCellThree.swift */,
				32283D1D25005854001ED185 /* CustomTableViewCellThree.xib */,
			);
			path = "View Controllers";
			sourceTree = "<group>";
		};
		32E14BB524FBBE6A00EB2D7F /* View */ = {
			isa = PBXGroup;
			children = (
				323B432724FAD5990076D074 /* Main.storyboard */,
				323B432C24FAD59A0076D074 /* LaunchScreen.storyboard */,
			);
			path = View;
			sourceTree = "<group>";
		};
		32F65EBF24FD3E550061F4D2 /* Extensions */ = {
			isa = PBXGroup;
			children = (
				32F65EC024FD3E790061F4D2 /* UIImageView+DownloadImage.swift */,
			);
			path = Extensions;
			sourceTree = "<group>";
		};
		32F65EC424FD7BBE0061F4D2 /* Constants */ = {
			isa = PBXGroup;
			children = (
				32F65EC524FD7BCB0061F4D2 /* ApiConstants.swift */,
			);
			path = Constants;
			sourceTree = "<group>";
		};
/* End PBXGroup section */

/* Begin PBXNativeTarget section */
		323B431D24FAD5990076D074 /* CoctailHelper */ = {
			isa = PBXNativeTarget;
			buildConfigurationList = 323B433224FAD59A0076D074 /* Build configuration list for PBXNativeTarget "CoctailHelper" */;
			buildPhases = (
				323B431A24FAD5990076D074 /* Sources */,
				323B431B24FAD5990076D074 /* Frameworks */,
				323B431C24FAD5990076D074 /* Resources */,
			);
			buildRules = (
			);
			dependencies = (
			);
			name = CoctailHelper;
			productName = CoctailHelper;
			productReference = 323B431E24FAD5990076D074 /* CoctailHelper.app */;
			productType = "com.apple.product-type.application";
		};
/* End PBXNativeTarget section */

/* Begin PBXProject section */
		323B431624FAD5990076D074 /* Project object */ = {
			isa = PBXProject;
			attributes = {
				LastSwiftUpdateCheck = 1160;
				LastUpgradeCheck = 1160;
				ORGANIZATIONNAME = AirIgor;
				TargetAttributes = {
					323B431D24FAD5990076D074 = {
						CreatedOnToolsVersion = 11.6;
					};
				};
			};
			buildConfigurationList = 323B431924FAD5990076D074 /* Build configuration list for PBXProject "CocktailHelper" */;
			compatibilityVersion = "Xcode 9.3";
			developmentRegion = en;
			hasScannedForEncodings = 0;
			knownRegions = (
				en,
				Base,
			);
			mainGroup = 323B431524FAD5990076D074;
			productRefGroup = 323B431F24FAD5990076D074 /* Products */;
			projectDirPath = "";
			projectRoot = "";
			targets = (
				323B431D24FAD5990076D074 /* CoctailHelper */,
			);
		};
/* End PBXProject section */

/* Begin PBXResourcesBuildPhase section */
		323B431C24FAD5990076D074 /* Resources */ = {
			isa = PBXResourcesBuildPhase;
			buildActionMask = 2147483647;
			files = (
				323B432E24FAD59A0076D074 /* LaunchScreen.storyboard in Resources */,
				32283D1F25005854001ED185 /* CustomTableViewCellThree.xib in Resources */,
				323B432B24FAD59A0076D074 /* Assets.xcassets in Resources */,
				32283D1125003A03001ED185 /* CustomTableViewCell.xib in Resources */,
				323B432924FAD5990076D074 /* Main.storyboard in Resources */,
				32283D1B25005783001ED185 /* CustomTableViewCellTwo.xib in Resources */,
			);
			runOnlyForDeploymentPostprocessing = 0;
		};
/* End PBXResourcesBuildPhase section */

/* Begin PBXSourcesBuildPhase section */
		323B431A24FAD5990076D074 /* Sources */ = {
			isa = PBXSourcesBuildPhase;
			buildActionMask = 2147483647;
			files = (
				32283D17250049CF001ED185 /* DetailSearchViewController.swift in Sources */,
				32F65EC324FD6C990061F4D2 /* SearchCoctailViewController.swift in Sources */,
				32283D1025003A03001ED185 /* CustomTableViewCell.swift in Sources */,
				323B433724FAD6240076D074 /* CoctailNetworkManager.swift in Sources */,
				323B433924FAD8440076D074 /* CoctailListData.swift in Sources */,
				32F65EBA24FD020E0061F4D2 /* DetailRandomViewController.swift in Sources */,
				323B432224FAD5990076D074 /* AppDelegate.swift in Sources */,
				32283D1A25005783001ED185 /* CustomTableViewCellTwo.swift in Sources */,
				32283D1E25005854001ED185 /* CustomTableViewCellThree.swift in Sources */,
				32F65EC624FD7BCB0061F4D2 /* ApiConstants.swift in Sources */,
				323B433B24FADC7E0076D074 /* MainTableViewController.swift in Sources */,
				32F65EC124FD3E790061F4D2 /* UIImageView+DownloadImage.swift in Sources */,
				323B432424FAD5990076D074 /* SceneDelegate.swift in Sources */,
			);
			runOnlyForDeploymentPostprocessing = 0;
		};
/* End PBXSourcesBuildPhase section */

/* Begin PBXVariantGroup section */
		323B432724FAD5990076D074 /* Main.storyboard */ = {
			isa = PBXVariantGroup;
			children = (
				323B432824FAD5990076D074 /* Base */,
			);
			name = Main.storyboard;
			sourceTree = "<group>";
		};
		323B432C24FAD59A0076D074 /* LaunchScreen.storyboard */ = {
			isa = PBXVariantGroup;
			children = (
				323B432D24FAD59A0076D074 /* Base */,
			);
			name = LaunchScreen.storyboard;
			sourceTree = "<group>";
		};
/* End PBXVariantGroup section */

/* Begin XCBuildConfiguration section */
		323B433024FAD59A0076D074 /* Debug */ = {
			isa = XCBuildConfiguration;
			buildSettings = {
				ALWAYS_SEARCH_USER_PATHS = NO;
				CLANG_ANALYZER_NONNULL = YES;
				CLANG_ANALYZER_NUMBER_OBJECT_CONVERSION = YES_AGGRESSIVE;
				CLANG_CXX_LANGUAGE_STANDARD = "gnu++14";
				CLANG_CXX_LIBRARY = "libc++";
				CLANG_ENABLE_MODULES = YES;
				CLANG_ENABLE_OBJC_ARC = YES;
				CLANG_ENABLE_OBJC_WEAK = YES;
				CLANG_WARN_BLOCK_CAPTURE_AUTORELEASING = YES;
				CLANG_WARN_BOOL_CONVERSION = YES;
				CLANG_WARN_COMMA = YES;
				CLANG_WARN_CONSTANT_CONVERSION = YES;
				CLANG_WARN_DEPRECATED_OBJC_IMPLEMENTATIONS = YES;
				CLANG_WARN_DIRECT_OBJC_ISA_USAGE = YES_ERROR;
				CLANG_WARN_DOCUMENTATION_COMMENTS = YES;
				CLANG_WARN_EMPTY_BODY = YES;
				CLANG_WARN_ENUM_CONVERSION = YES;
				CLANG_WARN_INFINITE_RECURSION = YES;
				CLANG_WARN_INT_CONVERSION = YES;
				CLANG_WARN_NON_LITERAL_NULL_CONVERSION = YES;
				CLANG_WARN_OBJC_IMPLICIT_RETAIN_SELF = YES;
				CLANG_WARN_OBJC_LITERAL_CONVERSION = YES;
				CLANG_WARN_OBJC_ROOT_CLASS = YES_ERROR;
				CLANG_WARN_RANGE_LOOP_ANALYSIS = YES;
				CLANG_WARN_STRICT_PROTOTYPES = YES;
				CLANG_WARN_SUSPICIOUS_MOVE = YES;
				CLANG_WARN_UNGUARDED_AVAILABILITY = YES_AGGRESSIVE;
				CLANG_WARN_UNREACHABLE_CODE = YES;
				CLANG_WARN__DUPLICATE_METHOD_MATCH = YES;
				COPY_PHASE_STRIP = NO;
				DEBUG_INFORMATION_FORMAT = dwarf;
				ENABLE_STRICT_OBJC_MSGSEND = YES;
				ENABLE_TESTABILITY = YES;
				GCC_C_LANGUAGE_STANDARD = gnu11;
				GCC_DYNAMIC_NO_PIC = NO;
				GCC_NO_COMMON_BLOCKS = YES;
				GCC_OPTIMIZATION_LEVEL = 0;
				GCC_PREPROCESSOR_DEFINITIONS = (
					"DEBUG=1",
					"$(inherited)",
				);
				GCC_WARN_64_TO_32_BIT_CONVERSION = YES;
				GCC_WARN_ABOUT_RETURN_TYPE = YES_ERROR;
				GCC_WARN_UNDECLARED_SELECTOR = YES;
				GCC_WARN_UNINITIALIZED_AUTOS = YES_AGGRESSIVE;
				GCC_WARN_UNUSED_FUNCTION = YES;
				GCC_WARN_UNUSED_VARIABLE = YES;
				IPHONEOS_DEPLOYMENT_TARGET = 13.6;
				MTL_ENABLE_DEBUG_INFO = INCLUDE_SOURCE;
				MTL_FAST_MATH = YES;
				ONLY_ACTIVE_ARCH = YES;
				SDKROOT = iphoneos;
				SWIFT_ACTIVE_COMPILATION_CONDITIONS = DEBUG;
				SWIFT_OPTIMIZATION_LEVEL = "-Onone";
			};
			name = Debug;
		};
		323B433124FAD59A0076D074 /* Release */ = {
			isa = XCBuildConfiguration;
			buildSettings = {
				ALWAYS_SEARCH_USER_PATHS = NO;
				CLANG_ANALYZER_NONNULL = YES;
				CLANG_ANALYZER_NUMBER_OBJECT_CONVERSION = YES_AGGRESSIVE;
				CLANG_CXX_LANGUAGE_STANDARD = "gnu++14";
				CLANG_CXX_LIBRARY = "libc++";
				CLANG_ENABLE_MODULES = YES;
				CLANG_ENABLE_OBJC_ARC = YES;
				CLANG_ENABLE_OBJC_WEAK = YES;
				CLANG_WARN_BLOCK_CAPTURE_AUTORELEASING = YES;
				CLANG_WARN_BOOL_CONVERSION = YES;
				CLANG_WARN_COMMA = YES;
				CLANG_WARN_CONSTANT_CONVERSION = YES;
				CLANG_WARN_DEPRECATED_OBJC_IMPLEMENTATIONS = YES;
				CLANG_WARN_DIRECT_OBJC_ISA_USAGE = YES_ERROR;
				CLANG_WARN_DOCUMENTATION_COMMENTS = YES;
				CLANG_WARN_EMPTY_BODY = YES;
				CLANG_WARN_ENUM_CONVERSION = YES;
				CLANG_WARN_INFINITE_RECURSION = YES;
				CLANG_WARN_INT_CONVERSION = YES;
				CLANG_WARN_NON_LITERAL_NULL_CONVERSION = YES;
				CLANG_WARN_OBJC_IMPLICIT_RETAIN_SELF = YES;
				CLANG_WARN_OBJC_LITERAL_CONVERSION = YES;
				CLANG_WARN_OBJC_ROOT_CLASS = YES_ERROR;
				CLANG_WARN_RANGE_LOOP_ANALYSIS = YES;
				CLANG_WARN_STRICT_PROTOTYPES = YES;
				CLANG_WARN_SUSPICIOUS_MOVE = YES;
				CLANG_WARN_UNGUARDED_AVAILABILITY = YES_AGGRESSIVE;
				CLANG_WARN_UNREACHABLE_CODE = YES;
				CLANG_WARN__DUPLICATE_METHOD_MATCH = YES;
				COPY_PHASE_STRIP = NO;
				DEBUG_INFORMATION_FORMAT = "dwarf-with-dsym";
				ENABLE_NS_ASSERTIONS = NO;
				ENABLE_STRICT_OBJC_MSGSEND = YES;
				GCC_C_LANGUAGE_STANDARD = gnu11;
				GCC_NO_COMMON_BLOCKS = YES;
				GCC_WARN_64_TO_32_BIT_CONVERSION = YES;
				GCC_WARN_ABOUT_RETURN_TYPE = YES_ERROR;
				GCC_WARN_UNDECLARED_SELECTOR = YES;
				GCC_WARN_UNINITIALIZED_AUTOS = YES_AGGRESSIVE;
				GCC_WARN_UNUSED_FUNCTION = YES;
				GCC_WARN_UNUSED_VARIABLE = YES;
				IPHONEOS_DEPLOYMENT_TARGET = 13.6;
				MTL_ENABLE_DEBUG_INFO = NO;
				MTL_FAST_MATH = YES;
				SDKROOT = iphoneos;
				SWIFT_COMPILATION_MODE = wholemodule;
				SWIFT_OPTIMIZATION_LEVEL = "-O";
				VALIDATE_PRODUCT = YES;
			};
			name = Release;
		};
		323B433324FAD59A0076D074 /* Debug */ = {
			isa = XCBuildConfiguration;
			buildSettings = {
				ASSETCATALOG_COMPILER_APPICON_NAME = AppIcon;
				CODE_SIGN_STYLE = Automatic;
				DEVELOPMENT_TEAM = 6ASXVY79V4;
				INFOPLIST_FILE = CoctailHelper/Info.plist;
				LD_RUNPATH_SEARCH_PATHS = (
					"$(inherited)",
					"@executable_path/Frameworks",
				);
				PRODUCT_BUNDLE_IDENTIFIER = com.airL.CoctailHelper;
				PRODUCT_NAME = "$(TARGET_NAME)";
				SWIFT_VERSION = 5.0;
				TARGETED_DEVICE_FAMILY = "1,2";
			};
			name = Debug;
		};
		323B433424FAD59A0076D074 /* Release */ = {
			isa = XCBuildConfiguration;
			buildSettings = {
				ASSETCATALOG_COMPILER_APPICON_NAME = AppIcon;
				CODE_SIGN_STYLE = Automatic;
				DEVELOPMENT_TEAM = 6ASXVY79V4;
				INFOPLIST_FILE = CoctailHelper/Info.plist;
				LD_RUNPATH_SEARCH_PATHS = (
					"$(inherited)",
					"@executable_path/Frameworks",
				);
				PRODUCT_BUNDLE_IDENTIFIER = com.airL.CoctailHelper;
				PRODUCT_NAME = "$(TARGET_NAME)";
				SWIFT_VERSION = 5.0;
				TARGETED_DEVICE_FAMILY = "1,2";
			};
			name = Release;
		};
/* End XCBuildConfiguration section */

/* Begin XCConfigurationList section */
		323B431924FAD5990076D074 /* Build configuration list for PBXProject "CocktailHelper" */ = {
			isa = XCConfigurationList;
			buildConfigurations = (
				323B433024FAD59A0076D074 /* Debug */,
				323B433124FAD59A0076D074 /* Release */,
			);
			defaultConfigurationIsVisible = 0;
			defaultConfigurationName = Release;
		};
		323B433224FAD59A0076D074 /* Build configuration list for PBXNativeTarget "CoctailHelper" */ = {
			isa = XCConfigurationList;
			buildConfigurations = (
				323B433324FAD59A0076D074 /* Debug */,
				323B433424FAD59A0076D074 /* Release */,
			);
			defaultConfigurationIsVisible = 0;
			defaultConfigurationName = Release;
		};
/* End XCConfigurationList section */
	};
	rootObject = 323B431624FAD5990076D074 /* Project object */;
}
