// !$*UTF8*$!
{
	archiveVersion = 1;
	classes = {
	};
	objectVersion = 50;
	objects = {

/* Begin PBXBuildFile section */
		32263EED251932F400035C3D /* AppDelegate.swift in Sources */ = {isa = PBXBuildFile; fileRef = 32263EEC251932F400035C3D /* AppDelegate.swift */; };
		32263EEF251932F400035C3D /* SceneDelegate.swift in Sources */ = {isa = PBXBuildFile; fileRef = 32263EEE251932F400035C3D /* SceneDelegate.swift */; };
		32263EF4251932F400035C3D /* Main.storyboard in Resources */ = {isa = PBXBuildFile; fileRef = 32263EF2251932F400035C3D /* Main.storyboard */; };
		32263EF6251932F700035C3D /* Assets.xcassets in Resources */ = {isa = PBXBuildFile; fileRef = 32263EF5251932F700035C3D /* Assets.xcassets */; };
		32263EF9251932F700035C3D /* LaunchScreen.storyboard in Resources */ = {isa = PBXBuildFile; fileRef = 32263EF7251932F700035C3D /* LaunchScreen.storyboard */; };
		32263F06251933B800035C3D /* ApiConstants.swift in Sources */ = {isa = PBXBuildFile; fileRef = 32263F05251933B800035C3D /* ApiConstants.swift */; };
		32263F082519358A00035C3D /* HeroesModel.swift in Sources */ = {isa = PBXBuildFile; fileRef = 32263F072519358A00035C3D /* HeroesModel.swift */; };
		32263F0C25193A1B00035C3D /* MainTabBarController.swift in Sources */ = {isa = PBXBuildFile; fileRef = 32263F0B25193A1B00035C3D /* MainTabBarController.swift */; };
		325188F625193B260064032B /* SearchViewController.swift in Sources */ = {isa = PBXBuildFile; fileRef = 325188F525193B260064032B /* SearchViewController.swift */; };
		325188F825193C360064032B /* DetailHeroViewController.swift in Sources */ = {isa = PBXBuildFile; fileRef = 325188F725193C360064032B /* DetailHeroViewController.swift */; };
		325188FA25193D630064032B /* HeroFavoritesListController.swift in Sources */ = {isa = PBXBuildFile; fileRef = 325188F925193D630064032B /* HeroFavoritesListController.swift */; };
/* End PBXBuildFile section */

/* Begin PBXFileReference section */
		32263EE9251932F400035C3D /* Dota 2 Heroes Wiki.app */ = {isa = PBXFileReference; explicitFileType = wrapper.application; includeInIndex = 0; path = "Dota 2 Heroes Wiki.app"; sourceTree = BUILT_PRODUCTS_DIR; };
		32263EEC251932F400035C3D /* AppDelegate.swift */ = {isa = PBXFileReference; lastKnownFileType = sourcecode.swift; path = AppDelegate.swift; sourceTree = "<group>"; };
		32263EEE251932F400035C3D /* SceneDelegate.swift */ = {isa = PBXFileReference; lastKnownFileType = sourcecode.swift; path = SceneDelegate.swift; sourceTree = "<group>"; };
		32263EF3251932F400035C3D /* Base */ = {isa = PBXFileReference; lastKnownFileType = file.storyboard; name = Base; path = Base.lproj/Main.storyboard; sourceTree = "<group>"; };
		32263EF5251932F700035C3D /* Assets.xcassets */ = {isa = PBXFileReference; lastKnownFileType = folder.assetcatalog; path = Assets.xcassets; sourceTree = "<group>"; };
		32263EF8251932F700035C3D /* Base */ = {isa = PBXFileReference; lastKnownFileType = file.storyboard; name = Base; path = Base.lproj/LaunchScreen.storyboard; sourceTree = "<group>"; };
		32263EFA251932F700035C3D /* Info.plist */ = {isa = PBXFileReference; lastKnownFileType = text.plist.xml; path = Info.plist; sourceTree = "<group>"; };
		32263F05251933B800035C3D /* ApiConstants.swift */ = {isa = PBXFileReference; lastKnownFileType = sourcecode.swift; path = ApiConstants.swift; sourceTree = "<group>"; };
		32263F072519358A00035C3D /* HeroesModel.swift */ = {isa = PBXFileReference; lastKnownFileType = sourcecode.swift; path = HeroesModel.swift; sourceTree = "<group>"; };
		32263F0B25193A1B00035C3D /* MainTabBarController.swift */ = {isa = PBXFileReference; lastKnownFileType = sourcecode.swift; path = MainTabBarController.swift; sourceTree = "<group>"; };
		325188F525193B260064032B /* SearchViewController.swift */ = {isa = PBXFileReference; lastKnownFileType = sourcecode.swift; path = SearchViewController.swift; sourceTree = "<group>"; };
		325188F725193C360064032B /* DetailHeroViewController.swift */ = {isa = PBXFileReference; lastKnownFileType = sourcecode.swift; path = DetailHeroViewController.swift; sourceTree = "<group>"; };
		325188F925193D630064032B /* HeroFavoritesListController.swift */ = {isa = PBXFileReference; lastKnownFileType = sourcecode.swift; path = HeroFavoritesListController.swift; sourceTree = "<group>"; };
/* End PBXFileReference section */

/* Begin PBXFrameworksBuildPhase section */
		32263EE6251932F400035C3D /* Frameworks */ = {
			isa = PBXFrameworksBuildPhase;
			buildActionMask = 2147483647;
			files = (
			);
			runOnlyForDeploymentPostprocessing = 0;
		};
/* End PBXFrameworksBuildPhase section */

/* Begin PBXGroup section */
		32263EE0251932F400035C3D = {
			isa = PBXGroup;
			children = (
				32263EEB251932F400035C3D /* Dota 2 Heroes Wiki */,
				32263EEA251932F400035C3D /* Products */,
			);
			sourceTree = "<group>";
		};
		32263EEA251932F400035C3D /* Products */ = {
			isa = PBXGroup;
			children = (
				32263EE9251932F400035C3D /* Dota 2 Heroes Wiki.app */,
			);
			name = Products;
			sourceTree = "<group>";
		};
		32263EEB251932F400035C3D /* Dota 2 Heroes Wiki */ = {
			isa = PBXGroup;
			children = (
				32263F0A2519390000035C3D /* HeroesList */,
				32263F0B25193A1B00035C3D /* MainTabBarController.swift */,
				325188F925193D630064032B /* HeroFavoritesListController.swift */,
				32263F092519373700035C3D /* Services */,
				32263F032519339300035C3D /* Extensions */,
				32263F022519338C00035C3D /* Models */,
				32263F012519336800035C3D /* Storyboard */,
				32263F002519331B00035C3D /* Supporting files */,
				32263EFA251932F700035C3D /* Info.plist */,
			);
			path = "Dota 2 Heroes Wiki";
			sourceTree = "<group>";
		};
		32263F002519331B00035C3D /* Supporting files */ = {
			isa = PBXGroup;
			children = (
				32263F04251933AC00035C3D /* Constants */,
				32263EF5251932F700035C3D /* Assets.xcassets */,
				32263EEC251932F400035C3D /* AppDelegate.swift */,
				32263EEE251932F400035C3D /* SceneDelegate.swift */,
			);
			path = "Supporting files";
			sourceTree = "<group>";
		};
		32263F012519336800035C3D /* Storyboard */ = {
			isa = PBXGroup;
			children = (
				32263EF2251932F400035C3D /* Main.storyboard */,
				32263EF7251932F700035C3D /* LaunchScreen.storyboard */,
			);
			path = Storyboard;
			sourceTree = "<group>";
		};
		32263F022519338C00035C3D /* Models */ = {
			isa = PBXGroup;
			children = (
				32263F072519358A00035C3D /* HeroesModel.swift */,
			);
			path = Models;
			sourceTree = "<group>";
		};
		32263F032519339300035C3D /* Extensions */ = {
			isa = PBXGroup;
			children = (
			);
			path = Extensions;
			sourceTree = "<group>";
		};
		32263F04251933AC00035C3D /* Constants */ = {
			isa = PBXGroup;
			children = (
				32263F05251933B800035C3D /* ApiConstants.swift */,
			);
			path = Constants;
			sourceTree = "<group>";
		};
		32263F092519373700035C3D /* Services */ = {
			isa = PBXGroup;
			children = (
			);
			path = Services;
			sourceTree = "<group>";
		};
		32263F0A2519390000035C3D /* HeroesList */ = {
			isa = PBXGroup;
			children = (
				325188F525193B260064032B /* SearchViewController.swift */,
				325188F725193C360064032B /* DetailHeroViewController.swift */,
			);
			path = HeroesList;
			sourceTree = "<group>";
		};
/* End PBXGroup section */

/* Begin PBXNativeTarget section */
		32263EE8251932F400035C3D /* Dota 2 Heroes Wiki */ = {
			isa = PBXNativeTarget;
			buildConfigurationList = 32263EFD251932F700035C3D /* Build configuration list for PBXNativeTarget "Dota 2 Heroes Wiki" */;
			buildPhases = (
				32263EE5251932F400035C3D /* Sources */,
				32263EE6251932F400035C3D /* Frameworks */,
				32263EE7251932F400035C3D /* Resources */,
			);
			buildRules = (
			);
			dependencies = (
			);
			name = "Dota 2 Heroes Wiki";
			productName = "Dota 2 Heroes Wiki";
			productReference = 32263EE9251932F400035C3D /* Dota 2 Heroes Wiki.app */;
			productType = "com.apple.product-type.application";
		};
/* End PBXNativeTarget section */

/* Begin PBXProject section */
		32263EE1251932F400035C3D /* Project object */ = {
			isa = PBXProject;
			attributes = {
				LastSwiftUpdateCheck = 1160;
				LastUpgradeCheck = 1160;
				ORGANIZATIONNAME = AirIgor;
				TargetAttributes = {
					32263EE8251932F400035C3D = {
						CreatedOnToolsVersion = 11.6;
					};
				};
			};
			buildConfigurationList = 32263EE4251932F400035C3D /* Build configuration list for PBXProject "Dota 2 Heroes Wiki" */;
			compatibilityVersion = "Xcode 9.3";
			developmentRegion = en;
			hasScannedForEncodings = 0;
			knownRegions = (
				en,
				Base,
			);
			mainGroup = 32263EE0251932F400035C3D;
			productRefGroup = 32263EEA251932F400035C3D /* Products */;
			projectDirPath = "";
			projectRoot = "";
			targets = (
				32263EE8251932F400035C3D /* Dota 2 Heroes Wiki */,
			);
		};
/* End PBXProject section */

/* Begin PBXResourcesBuildPhase section */
		32263EE7251932F400035C3D /* Resources */ = {
			isa = PBXResourcesBuildPhase;
			buildActionMask = 2147483647;
			files = (
				32263EF9251932F700035C3D /* LaunchScreen.storyboard in Resources */,
				32263EF6251932F700035C3D /* Assets.xcassets in Resources */,
				32263EF4251932F400035C3D /* Main.storyboard in Resources */,
			);
			runOnlyForDeploymentPostprocessing = 0;
		};
/* End PBXResourcesBuildPhase section */

/* Begin PBXSourcesBuildPhase section */
		32263EE5251932F400035C3D /* Sources */ = {
			isa = PBXSourcesBuildPhase;
			buildActionMask = 2147483647;
			files = (
				325188F625193B260064032B /* SearchViewController.swift in Sources */,
				325188FA25193D630064032B /* HeroFavoritesListController.swift in Sources */,
				32263F06251933B800035C3D /* ApiConstants.swift in Sources */,
				325188F825193C360064032B /* DetailHeroViewController.swift in Sources */,
				32263F082519358A00035C3D /* HeroesModel.swift in Sources */,
				32263F0C25193A1B00035C3D /* MainTabBarController.swift in Sources */,
				32263EED251932F400035C3D /* AppDelegate.swift in Sources */,
				32263EEF251932F400035C3D /* SceneDelegate.swift in Sources */,
			);
			runOnlyForDeploymentPostprocessing = 0;
		};
/* End PBXSourcesBuildPhase section */

/* Begin PBXVariantGroup section */
		32263EF2251932F400035C3D /* Main.storyboard */ = {
			isa = PBXVariantGroup;
			children = (
				32263EF3251932F400035C3D /* Base */,
			);
			name = Main.storyboard;
			sourceTree = "<group>";
		};
		32263EF7251932F700035C3D /* LaunchScreen.storyboard */ = {
			isa = PBXVariantGroup;
			children = (
				32263EF8251932F700035C3D /* Base */,
			);
			name = LaunchScreen.storyboard;
			sourceTree = "<group>";
		};
/* End PBXVariantGroup section */

/* Begin XCBuildConfiguration section */
		32263EFB251932F700035C3D /* Debug */ = {
			isa = XCBuildConfiguration;
			buildSettings = {
				ALWAYS_SEARCH_USER_PATHS = NO;
				CLANG_ANALYZER_NONNULL = YES;
				CLANG_ANALYZER_NUMBER_OBJECT_CONVERSION = YES_AGGRESSIVE;
				CLANG_CXX_LANGUAGE_STANDARD = "gnu++14";
				CLANG_CXX_LIBRARY = "libc++";
				CLANG_ENABLE_MODULES = YES;
				CLANG_ENABLE_OBJC_ARC = YES;
				CLANG_ENABLE_OBJC_WEAK = YES;
				CLANG_WARN_BLOCK_CAPTURE_AUTORELEASING = YES;
				CLANG_WARN_BOOL_CONVERSION = YES;
				CLANG_WARN_COMMA = YES;
				CLANG_WARN_CONSTANT_CONVERSION = YES;
				CLANG_WARN_DEPRECATED_OBJC_IMPLEMENTATIONS = YES;
				CLANG_WARN_DIRECT_OBJC_ISA_USAGE = YES_ERROR;
				CLANG_WARN_DOCUMENTATION_COMMENTS = YES;
				CLANG_WARN_EMPTY_BODY = YES;
				CLANG_WARN_ENUM_CONVERSION = YES;
				CLANG_WARN_INFINITE_RECURSION = YES;
				CLANG_WARN_INT_CONVERSION = YES;
				CLANG_WARN_NON_LITERAL_NULL_CONVERSION = YES;
				CLANG_WARN_OBJC_IMPLICIT_RETAIN_SELF = YES;
				CLANG_WARN_OBJC_LITERAL_CONVERSION = YES;
				CLANG_WARN_OBJC_ROOT_CLASS = YES_ERROR;
				CLANG_WARN_RANGE_LOOP_ANALYSIS = YES;
				CLANG_WARN_STRICT_PROTOTYPES = YES;
				CLANG_WARN_SUSPICIOUS_MOVE = YES;
				CLANG_WARN_UNGUARDED_AVAILABILITY = YES_AGGRESSIVE;
				CLANG_WARN_UNREACHABLE_CODE = YES;
				CLANG_WARN__DUPLICATE_METHOD_MATCH = YES;
				COPY_PHASE_STRIP = NO;
				DEBUG_INFORMATION_FORMAT = dwarf;
				ENABLE_STRICT_OBJC_MSGSEND = YES;
				ENABLE_TESTABILITY = YES;
				GCC_C_LANGUAGE_STANDARD = gnu11;
				GCC_DYNAMIC_NO_PIC = NO;
				GCC_NO_COMMON_BLOCKS = YES;
				GCC_OPTIMIZATION_LEVEL = 0;
				GCC_PREPROCESSOR_DEFINITIONS = (
					"DEBUG=1",
					"$(inherited)",
				);
				GCC_WARN_64_TO_32_BIT_CONVERSION = YES;
				GCC_WARN_ABOUT_RETURN_TYPE = YES_ERROR;
				GCC_WARN_UNDECLARED_SELECTOR = YES;
				GCC_WARN_UNINITIALIZED_AUTOS = YES_AGGRESSIVE;
				GCC_WARN_UNUSED_FUNCTION = YES;
				GCC_WARN_UNUSED_VARIABLE = YES;
				IPHONEOS_DEPLOYMENT_TARGET = 13.6;
				MTL_ENABLE_DEBUG_INFO = INCLUDE_SOURCE;
				MTL_FAST_MATH = YES;
				ONLY_ACTIVE_ARCH = YES;
				SDKROOT = iphoneos;
				SWIFT_ACTIVE_COMPILATION_CONDITIONS = DEBUG;
				SWIFT_OPTIMIZATION_LEVEL = "-Onone";
			};
			name = Debug;
		};
		32263EFC251932F700035C3D /* Release */ = {
			isa = XCBuildConfiguration;
			buildSettings = {
				ALWAYS_SEARCH_USER_PATHS = NO;
				CLANG_ANALYZER_NONNULL = YES;
				CLANG_ANALYZER_NUMBER_OBJECT_CONVERSION = YES_AGGRESSIVE;
				CLANG_CXX_LANGUAGE_STANDARD = "gnu++14";
				CLANG_CXX_LIBRARY = "libc++";
				CLANG_ENABLE_MODULES = YES;
				CLANG_ENABLE_OBJC_ARC = YES;
				CLANG_ENABLE_OBJC_WEAK = YES;
				CLANG_WARN_BLOCK_CAPTURE_AUTORELEASING = YES;
				CLANG_WARN_BOOL_CONVERSION = YES;
				CLANG_WARN_COMMA = YES;
				CLANG_WARN_CONSTANT_CONVERSION = YES;
				CLANG_WARN_DEPRECATED_OBJC_IMPLEMENTATIONS = YES;
				CLANG_WARN_DIRECT_OBJC_ISA_USAGE = YES_ERROR;
				CLANG_WARN_DOCUMENTATION_COMMENTS = YES;
				CLANG_WARN_EMPTY_BODY = YES;
				CLANG_WARN_ENUM_CONVERSION = YES;
				CLANG_WARN_INFINITE_RECURSION = YES;
				CLANG_WARN_INT_CONVERSION = YES;
				CLANG_WARN_NON_LITERAL_NULL_CONVERSION = YES;
				CLANG_WARN_OBJC_IMPLICIT_RETAIN_SELF = YES;
				CLANG_WARN_OBJC_LITERAL_CONVERSION = YES;
				CLANG_WARN_OBJC_ROOT_CLASS = YES_ERROR;
				CLANG_WARN_RANGE_LOOP_ANALYSIS = YES;
				CLANG_WARN_STRICT_PROTOTYPES = YES;
				CLANG_WARN_SUSPICIOUS_MOVE = YES;
				CLANG_WARN_UNGUARDED_AVAILABILITY = YES_AGGRESSIVE;
				CLANG_WARN_UNREACHABLE_CODE = YES;
				CLANG_WARN__DUPLICATE_METHOD_MATCH = YES;
				COPY_PHASE_STRIP = NO;
				DEBUG_INFORMATION_FORMAT = "dwarf-with-dsym";
				ENABLE_NS_ASSERTIONS = NO;
				ENABLE_STRICT_OBJC_MSGSEND = YES;
				GCC_C_LANGUAGE_STANDARD = gnu11;
				GCC_NO_COMMON_BLOCKS = YES;
				GCC_WARN_64_TO_32_BIT_CONVERSION = YES;
				GCC_WARN_ABOUT_RETURN_TYPE = YES_ERROR;
				GCC_WARN_UNDECLARED_SELECTOR = YES;
				GCC_WARN_UNINITIALIZED_AUTOS = YES_AGGRESSIVE;
				GCC_WARN_UNUSED_FUNCTION = YES;
				GCC_WARN_UNUSED_VARIABLE = YES;
				IPHONEOS_DEPLOYMENT_TARGET = 13.6;
				MTL_ENABLE_DEBUG_INFO = NO;
				MTL_FAST_MATH = YES;
				SDKROOT = iphoneos;
				SWIFT_COMPILATION_MODE = wholemodule;
				SWIFT_OPTIMIZATION_LEVEL = "-O";
				VALIDATE_PRODUCT = YES;
			};
			name = Release;
		};
		32263EFE251932F700035C3D /* Debug */ = {
			isa = XCBuildConfiguration;
			buildSettings = {
				ASSETCATALOG_COMPILER_APPICON_NAME = AppIcon;
				CODE_SIGN_STYLE = Automatic;
				DEVELOPMENT_TEAM = 6ASXVY79V4;
				INFOPLIST_FILE = "Dota 2 Heroes Wiki/Info.plist";
				LD_RUNPATH_SEARCH_PATHS = (
					"$(inherited)",
					"@executable_path/Frameworks",
				);
				PRODUCT_BUNDLE_IDENTIFIER = "com.airL.Dota-2-Heroes-Wiki";
				PRODUCT_NAME = "$(TARGET_NAME)";
				SWIFT_VERSION = 5.0;
				TARGETED_DEVICE_FAMILY = "1,2";
			};
			name = Debug;
		};
		32263EFF251932F700035C3D /* Release */ = {
			isa = XCBuildConfiguration;
			buildSettings = {
				ASSETCATALOG_COMPILER_APPICON_NAME = AppIcon;
				CODE_SIGN_STYLE = Automatic;
				DEVELOPMENT_TEAM = 6ASXVY79V4;
				INFOPLIST_FILE = "Dota 2 Heroes Wiki/Info.plist";
				LD_RUNPATH_SEARCH_PATHS = (
					"$(inherited)",
					"@executable_path/Frameworks",
				);
				PRODUCT_BUNDLE_IDENTIFIER = "com.airL.Dota-2-Heroes-Wiki";
				PRODUCT_NAME = "$(TARGET_NAME)";
				SWIFT_VERSION = 5.0;
				TARGETED_DEVICE_FAMILY = "1,2";
			};
			name = Release;
		};
/* End XCBuildConfiguration section */

/* Begin XCConfigurationList section */
		32263EE4251932F400035C3D /* Build configuration list for PBXProject "Dota 2 Heroes Wiki" */ = {
			isa = XCConfigurationList;
			buildConfigurations = (
				32263EFB251932F700035C3D /* Debug */,
				32263EFC251932F700035C3D /* Release */,
			);
			defaultConfigurationIsVisible = 0;
			defaultConfigurationName = Release;
		};
		32263EFD251932F700035C3D /* Build configuration list for PBXNativeTarget "Dota 2 Heroes Wiki" */ = {
			isa = XCConfigurationList;
			buildConfigurations = (
				32263EFE251932F700035C3D /* Debug */,
				32263EFF251932F700035C3D /* Release */,
			);
			defaultConfigurationIsVisible = 0;
			defaultConfigurationName = Release;
		};
/* End XCConfigurationList section */
	};
	rootObject = 32263EE1251932F400035C3D /* Project object */;
}
