// !$*UTF8*$!
{
	archiveVersion = 1;
	classes = {
	};
	objectVersion = 51;
	objects = {

/* Begin PBXBuildFile section */
		320475A1250A92BE00976C83 /* TrackDetailView.xib in Resources */ = {isa = PBXBuildFile; fileRef = 320475A0250A92BE00976C83 /* TrackDetailView.xib */; };
		320475A3250A92C800976C83 /* TrackDetailView.swift in Sources */ = {isa = PBXBuildFile; fileRef = 320475A2250A92C800976C83 /* TrackDetailView.swift */; };
		322DFD11250FE01C00B01A75 /* Nib.swift in Sources */ = {isa = PBXBuildFile; fileRef = 322DFD10250FE01C00B01A75 /* Nib.swift */; };
		323454BE250D593600BF43CC /* CMTime + Extensions.swift in Sources */ = {isa = PBXBuildFile; fileRef = 323454BD250D593600BF43CC /* CMTime + Extensions.swift */; };
		32CF3B60250A8BA00098EDB9 /* FooterView.swift in Sources */ = {isa = PBXBuildFile; fileRef = 32CF3B5F250A8BA00098EDB9 /* FooterView.swift */; };
		32E46DAD2507BCC4001470E0 /* AppDelegate.swift in Sources */ = {isa = PBXBuildFile; fileRef = 32E46DAC2507BCC4001470E0 /* AppDelegate.swift */; };
		32E46DAF2507BCC4001470E0 /* SceneDelegate.swift in Sources */ = {isa = PBXBuildFile; fileRef = 32E46DAE2507BCC4001470E0 /* SceneDelegate.swift */; };
		32E46DB12507BCC4001470E0 /* ViewController.swift in Sources */ = {isa = PBXBuildFile; fileRef = 32E46DB02507BCC4001470E0 /* ViewController.swift */; };
		32E46DB42507BCC4001470E0 /* Main.storyboard in Resources */ = {isa = PBXBuildFile; fileRef = 32E46DB22507BCC4001470E0 /* Main.storyboard */; };
		32E46DB62507BCC5001470E0 /* Assets.xcassets in Resources */ = {isa = PBXBuildFile; fileRef = 32E46DB52507BCC5001470E0 /* Assets.xcassets */; };
		32E46DB92507BCC5001470E0 /* LaunchScreen.storyboard in Resources */ = {isa = PBXBuildFile; fileRef = 32E46DB72507BCC5001470E0 /* LaunchScreen.storyboard */; };
		32E46DC32507BEAE001470E0 /* MainTabBarController.swift in Sources */ = {isa = PBXBuildFile; fileRef = 32E46DC22507BEAE001470E0 /* MainTabBarController.swift */; };
		32E46DC52507BFC2001470E0 /* SearchMusicViewController.swift in Sources */ = {isa = PBXBuildFile; fileRef = 32E46DC42507BFC2001470E0 /* SearchMusicViewController.swift */; };
		32E46DC72507DD3D001470E0 /* SearchResponseList.swift in Sources */ = {isa = PBXBuildFile; fileRef = 32E46DC62507DD3D001470E0 /* SearchResponseList.swift */; };
		32E46DC92507EDD0001470E0 /* NetworkService.swift in Sources */ = {isa = PBXBuildFile; fileRef = 32E46DC82507EDD0001470E0 /* NetworkService.swift */; };
		32E46DE22507F8A2001470E0 /* SearchPresenter.swift in Sources */ = {isa = PBXBuildFile; fileRef = 32E46DDB2507F8A2001470E0 /* SearchPresenter.swift */; };
		32E46DE32507F8A2001470E0 /* SearchWorker.swift in Sources */ = {isa = PBXBuildFile; fileRef = 32E46DDC2507F8A2001470E0 /* SearchWorker.swift */; };
		32E46DE42507F8A2001470E0 /* SearchRouter.swift in Sources */ = {isa = PBXBuildFile; fileRef = 32E46DDD2507F8A2001470E0 /* SearchRouter.swift */; };
		32E46DE52507F8A2001470E0 /* SearchModels.swift in Sources */ = {isa = PBXBuildFile; fileRef = 32E46DDE2507F8A2001470E0 /* SearchModels.swift */; };
		32E46DE62507F8A2001470E0 /* SearchViewController.swift in Sources */ = {isa = PBXBuildFile; fileRef = 32E46DDF2507F8A2001470E0 /* SearchViewController.swift */; };
		32E46DE72507F8A2001470E0 /* SearchInteractor.swift in Sources */ = {isa = PBXBuildFile; fileRef = 32E46DE02507F8A2001470E0 /* SearchInteractor.swift */; };
		32E46DEA25094176001470E0 /* SearchViewController.storyboard in Resources */ = {isa = PBXBuildFile; fileRef = 32E46DE925094176001470E0 /* SearchViewController.storyboard */; };
		32E46DEC250943E5001470E0 /* UIViewController + Storyboard.swift in Sources */ = {isa = PBXBuildFile; fileRef = 32E46DEB250943E5001470E0 /* UIViewController + Storyboard.swift */; };
		32E46DF025095A2D001470E0 /* TrackCell.xib in Resources */ = {isa = PBXBuildFile; fileRef = 32E46DEF25095A2D001470E0 /* TrackCell.xib */; };
		32E46DF225095A41001470E0 /* TrackCell.swift in Sources */ = {isa = PBXBuildFile; fileRef = 32E46DF125095A41001470E0 /* TrackCell.swift */; };
		D65807921D590BF10ACB9BDC /* Pods_iSound.framework in Frameworks */ = {isa = PBXBuildFile; fileRef = 7C6ECFB35E881F2D30FB44A5 /* Pods_iSound.framework */; };
/* End PBXBuildFile section */

/* Begin PBXFileReference section */
		006BE5DA4B14251505CA7DD6 /* Pods-iSound.release.xcconfig */ = {isa = PBXFileReference; includeInIndex = 1; lastKnownFileType = text.xcconfig; name = "Pods-iSound.release.xcconfig"; path = "Target Support Files/Pods-iSound/Pods-iSound.release.xcconfig"; sourceTree = "<group>"; };
		320475A0250A92BE00976C83 /* TrackDetailView.xib */ = {isa = PBXFileReference; lastKnownFileType = file.xib; path = TrackDetailView.xib; sourceTree = "<group>"; };
		320475A2250A92C800976C83 /* TrackDetailView.swift */ = {isa = PBXFileReference; lastKnownFileType = sourcecode.swift; path = TrackDetailView.swift; sourceTree = "<group>"; };
		322DFD10250FE01C00B01A75 /* Nib.swift */ = {isa = PBXFileReference; lastKnownFileType = sourcecode.swift; path = Nib.swift; sourceTree = "<group>"; };
		323454BD250D593600BF43CC /* CMTime + Extensions.swift */ = {isa = PBXFileReference; lastKnownFileType = sourcecode.swift; path = "CMTime + Extensions.swift"; sourceTree = "<group>"; };
		32CF3B5F250A8BA00098EDB9 /* FooterView.swift */ = {isa = PBXFileReference; lastKnownFileType = sourcecode.swift; path = FooterView.swift; sourceTree = "<group>"; };
		32E46DA92507BCC4001470E0 /* iSound.app */ = {isa = PBXFileReference; explicitFileType = wrapper.application; includeInIndex = 0; path = iSound.app; sourceTree = BUILT_PRODUCTS_DIR; };
		32E46DAC2507BCC4001470E0 /* AppDelegate.swift */ = {isa = PBXFileReference; lastKnownFileType = sourcecode.swift; path = AppDelegate.swift; sourceTree = "<group>"; };
		32E46DAE2507BCC4001470E0 /* SceneDelegate.swift */ = {isa = PBXFileReference; lastKnownFileType = sourcecode.swift; path = SceneDelegate.swift; sourceTree = "<group>"; };
		32E46DB02507BCC4001470E0 /* ViewController.swift */ = {isa = PBXFileReference; lastKnownFileType = sourcecode.swift; path = ViewController.swift; sourceTree = "<group>"; };
		32E46DB32507BCC4001470E0 /* Base */ = {isa = PBXFileReference; lastKnownFileType = file.storyboard; name = Base; path = Base.lproj/Main.storyboard; sourceTree = "<group>"; };
		32E46DB52507BCC5001470E0 /* Assets.xcassets */ = {isa = PBXFileReference; lastKnownFileType = folder.assetcatalog; path = Assets.xcassets; sourceTree = "<group>"; };
		32E46DB82507BCC5001470E0 /* Base */ = {isa = PBXFileReference; lastKnownFileType = file.storyboard; name = Base; path = Base.lproj/LaunchScreen.storyboard; sourceTree = "<group>"; };
		32E46DBA2507BCC5001470E0 /* Info.plist */ = {isa = PBXFileReference; lastKnownFileType = text.plist.xml; path = Info.plist; sourceTree = "<group>"; };
		32E46DC22507BEAE001470E0 /* MainTabBarController.swift */ = {isa = PBXFileReference; lastKnownFileType = sourcecode.swift; path = MainTabBarController.swift; sourceTree = "<group>"; };
		32E46DC42507BFC2001470E0 /* SearchMusicViewController.swift */ = {isa = PBXFileReference; lastKnownFileType = sourcecode.swift; path = SearchMusicViewController.swift; sourceTree = "<group>"; };
		32E46DC62507DD3D001470E0 /* SearchResponseList.swift */ = {isa = PBXFileReference; lastKnownFileType = sourcecode.swift; path = SearchResponseList.swift; sourceTree = "<group>"; };
		32E46DC82507EDD0001470E0 /* NetworkService.swift */ = {isa = PBXFileReference; lastKnownFileType = sourcecode.swift; path = NetworkService.swift; sourceTree = "<group>"; };
		32E46DDB2507F8A2001470E0 /* SearchPresenter.swift */ = {isa = PBXFileReference; lastKnownFileType = sourcecode.swift; path = SearchPresenter.swift; sourceTree = "<group>"; };
		32E46DDC2507F8A2001470E0 /* SearchWorker.swift */ = {isa = PBXFileReference; lastKnownFileType = sourcecode.swift; path = SearchWorker.swift; sourceTree = "<group>"; };
		32E46DDD2507F8A2001470E0 /* SearchRouter.swift */ = {isa = PBXFileReference; lastKnownFileType = sourcecode.swift; path = SearchRouter.swift; sourceTree = "<group>"; };
		32E46DDE2507F8A2001470E0 /* SearchModels.swift */ = {isa = PBXFileReference; lastKnownFileType = sourcecode.swift; path = SearchModels.swift; sourceTree = "<group>"; };
		32E46DDF2507F8A2001470E0 /* SearchViewController.swift */ = {isa = PBXFileReference; lastKnownFileType = sourcecode.swift; path = SearchViewController.swift; sourceTree = "<group>"; };
		32E46DE02507F8A2001470E0 /* SearchInteractor.swift */ = {isa = PBXFileReference; lastKnownFileType = sourcecode.swift; path = SearchInteractor.swift; sourceTree = "<group>"; };
		32E46DE925094176001470E0 /* SearchViewController.storyboard */ = {isa = PBXFileReference; lastKnownFileType = file.storyboard; path = SearchViewController.storyboard; sourceTree = "<group>"; };
		32E46DEB250943E5001470E0 /* UIViewController + Storyboard.swift */ = {isa = PBXFileReference; lastKnownFileType = sourcecode.swift; path = "UIViewController + Storyboard.swift"; sourceTree = "<group>"; };
		32E46DEF25095A2D001470E0 /* TrackCell.xib */ = {isa = PBXFileReference; lastKnownFileType = file.xib; path = TrackCell.xib; sourceTree = "<group>"; };
		32E46DF125095A41001470E0 /* TrackCell.swift */ = {isa = PBXFileReference; lastKnownFileType = sourcecode.swift; path = TrackCell.swift; sourceTree = "<group>"; };
		7C6ECFB35E881F2D30FB44A5 /* Pods_iSound.framework */ = {isa = PBXFileReference; explicitFileType = wrapper.framework; includeInIndex = 0; path = Pods_iSound.framework; sourceTree = BUILT_PRODUCTS_DIR; };
		A22E8213F30DD560FB2A3F67 /* Pods-iSound.debug.xcconfig */ = {isa = PBXFileReference; includeInIndex = 1; lastKnownFileType = text.xcconfig; name = "Pods-iSound.debug.xcconfig"; path = "Target Support Files/Pods-iSound/Pods-iSound.debug.xcconfig"; sourceTree = "<group>"; };
/* End PBXFileReference section */

/* Begin PBXFrameworksBuildPhase section */
		32E46DA62507BCC4001470E0 /* Frameworks */ = {
			isa = PBXFrameworksBuildPhase;
			buildActionMask = 2147483647;
			files = (
				D65807921D590BF10ACB9BDC /* Pods_iSound.framework in Frameworks */,
			);
			runOnlyForDeploymentPostprocessing = 0;
		};
/* End PBXFrameworksBuildPhase section */

/* Begin PBXGroup section */
		31883E033E7226D221FDBC44 /* Frameworks */ = {
			isa = PBXGroup;
			children = (
				7C6ECFB35E881F2D30FB44A5 /* Pods_iSound.framework */,
			);
			name = Frameworks;
			sourceTree = "<group>";
		};
		3204759F250A92AD00976C83 /* TrackDetailView */ = {
			isa = PBXGroup;
			children = (
				320475A0250A92BE00976C83 /* TrackDetailView.xib */,
				320475A2250A92C800976C83 /* TrackDetailView.swift */,
			);
			path = TrackDetailView;
			sourceTree = "<group>";
		};
		32CF3B5E250A8B920098EDB9 /* FooterView */ = {
			isa = PBXGroup;
			children = (
				32CF3B5F250A8BA00098EDB9 /* FooterView.swift */,
			);
			path = FooterView;
			sourceTree = "<group>";
		};
		32E46DA02507BCC4001470E0 = {
			isa = PBXGroup;
			children = (
				32E46DAB2507BCC4001470E0 /* iSound */,
				32E46DAA2507BCC4001470E0 /* Products */,
				B1715F4B1B0F6540780F3C54 /* Pods */,
				31883E033E7226D221FDBC44 /* Frameworks */,
			);
			sourceTree = "<group>";
		};
		32E46DAA2507BCC4001470E0 /* Products */ = {
			isa = PBXGroup;
			children = (
				32E46DA92507BCC4001470E0 /* iSound.app */,
			);
			name = Products;
			sourceTree = "<group>";
		};
		32E46DAB2507BCC4001470E0 /* iSound */ = {
			isa = PBXGroup;
			children = (
				32E46DAC2507BCC4001470E0 /* AppDelegate.swift */,
				32E46DAE2507BCC4001470E0 /* SceneDelegate.swift */,
				32E46DDA2507F831001470E0 /* Services */,
				32E46DC22507BEAE001470E0 /* MainTabBarController.swift */,
				32E46DCA2507F6A1001470E0 /* Search */,
				32E46DC42507BFC2001470E0 /* SearchMusicViewController.swift */,
				32E46DB02507BCC4001470E0 /* ViewController.swift */,
				32E46DED250943EF001470E0 /* Helpers */,
				32E46DB22507BCC4001470E0 /* Main.storyboard */,
				32E46DB52507BCC5001470E0 /* Assets.xcassets */,
				32E46DB72507BCC5001470E0 /* LaunchScreen.storyboard */,
				32E46DBA2507BCC5001470E0 /* Info.plist */,
			);
			path = iSound;
			sourceTree = "<group>";
		};
		32E46DCA2507F6A1001470E0 /* Search */ = {
			isa = PBXGroup;
			children = (
				3204759F250A92AD00976C83 /* TrackDetailView */,
				32CF3B5E250A8B920098EDB9 /* FooterView */,
				32E46DEE25095A1C001470E0 /* Cell */,
				32E46DE925094176001470E0 /* SearchViewController.storyboard */,
				32E46DDF2507F8A2001470E0 /* SearchViewController.swift */,
				32E46DE02507F8A2001470E0 /* SearchInteractor.swift */,
				32E46DDB2507F8A2001470E0 /* SearchPresenter.swift */,
				32E46DDE2507F8A2001470E0 /* SearchModels.swift */,
				32E46DDC2507F8A2001470E0 /* SearchWorker.swift */,
				32E46DDD2507F8A2001470E0 /* SearchRouter.swift */,
			);
			path = Search;
			sourceTree = "<group>";
		};
		32E46DDA2507F831001470E0 /* Services */ = {
			isa = PBXGroup;
			children = (
				32E46DF325096306001470E0 /* Models */,
				32E46DC82507EDD0001470E0 /* NetworkService.swift */,
			);
			path = Services;
			sourceTree = "<group>";
		};
		32E46DED250943EF001470E0 /* Helpers */ = {
			isa = PBXGroup;
			children = (
				32E46DEB250943E5001470E0 /* UIViewController + Storyboard.swift */,
				323454BD250D593600BF43CC /* CMTime + Extensions.swift */,
				322DFD10250FE01C00B01A75 /* Nib.swift */,
			);
			path = Helpers;
			sourceTree = "<group>";
		};
		32E46DEE25095A1C001470E0 /* Cell */ = {
			isa = PBXGroup;
			children = (
				32E46DEF25095A2D001470E0 /* TrackCell.xib */,
				32E46DF125095A41001470E0 /* TrackCell.swift */,
			);
			path = Cell;
			sourceTree = "<group>";
		};
		32E46DF325096306001470E0 /* Models */ = {
			isa = PBXGroup;
			children = (
				32E46DC62507DD3D001470E0 /* SearchResponseList.swift */,
			);
			path = Models;
			sourceTree = "<group>";
		};
		B1715F4B1B0F6540780F3C54 /* Pods */ = {
			isa = PBXGroup;
			children = (
				A22E8213F30DD560FB2A3F67 /* Pods-iSound.debug.xcconfig */,
				006BE5DA4B14251505CA7DD6 /* Pods-iSound.release.xcconfig */,
			);
			path = Pods;
			sourceTree = "<group>";
		};
/* End PBXGroup section */

/* Begin PBXNativeTarget section */
		32E46DA82507BCC4001470E0 /* iSound */ = {
			isa = PBXNativeTarget;
			buildConfigurationList = 32E46DBD2507BCC5001470E0 /* Build configuration list for PBXNativeTarget "iSound" */;
			buildPhases = (
				FB67C457951DAAABD3548B12 /* [CP] Check Pods Manifest.lock */,
				32E46DA52507BCC4001470E0 /* Sources */,
				32E46DA62507BCC4001470E0 /* Frameworks */,
				32E46DA72507BCC4001470E0 /* Resources */,
				1A3518CD0F73D526060325AA /* [CP] Embed Pods Frameworks */,
			);
			buildRules = (
			);
			dependencies = (
			);
			name = iSound;
			productName = iSound;
			productReference = 32E46DA92507BCC4001470E0 /* iSound.app */;
			productType = "com.apple.product-type.application";
		};
/* End PBXNativeTarget section */

/* Begin PBXProject section */
		32E46DA12507BCC4001470E0 /* Project object */ = {
			isa = PBXProject;
			attributes = {
				LastSwiftUpdateCheck = 1160;
				LastUpgradeCheck = 1160;
				ORGANIZATIONNAME = AirIgor;
				TargetAttributes = {
					32E46DA82507BCC4001470E0 = {
						CreatedOnToolsVersion = 11.6;
					};
				};
			};
			buildConfigurationList = 32E46DA42507BCC4001470E0 /* Build configuration list for PBXProject "iSound" */;
			compatibilityVersion = "Xcode 9.3";
			developmentRegion = en;
			hasScannedForEncodings = 0;
			knownRegions = (
				en,
				Base,
			);
			mainGroup = 32E46DA02507BCC4001470E0;
			productRefGroup = 32E46DAA2507BCC4001470E0 /* Products */;
			projectDirPath = "";
			projectRoot = "";
			targets = (
				32E46DA82507BCC4001470E0 /* iSound */,
			);
		};
/* End PBXProject section */

/* Begin PBXResourcesBuildPhase section */
		32E46DA72507BCC4001470E0 /* Resources */ = {
			isa = PBXResourcesBuildPhase;
			buildActionMask = 2147483647;
			files = (
				32E46DB92507BCC5001470E0 /* LaunchScreen.storyboard in Resources */,
				32E46DF025095A2D001470E0 /* TrackCell.xib in Resources */,
				32E46DB62507BCC5001470E0 /* Assets.xcassets in Resources */,
				32E46DEA25094176001470E0 /* SearchViewController.storyboard in Resources */,
				320475A1250A92BE00976C83 /* TrackDetailView.xib in Resources */,
				32E46DB42507BCC4001470E0 /* Main.storyboard in Resources */,
			);
			runOnlyForDeploymentPostprocessing = 0;
		};
/* End PBXResourcesBuildPhase section */

/* Begin PBXShellScriptBuildPhase section */
		1A3518CD0F73D526060325AA /* [CP] Embed Pods Frameworks */ = {
			isa = PBXShellScriptBuildPhase;
			buildActionMask = 2147483647;
			files = (
			);
			inputFileListPaths = (
				"${PODS_ROOT}/Target Support Files/Pods-iSound/Pods-iSound-frameworks-${CONFIGURATION}-input-files.xcfilelist",
			);
			name = "[CP] Embed Pods Frameworks";
			outputFileListPaths = (
				"${PODS_ROOT}/Target Support Files/Pods-iSound/Pods-iSound-frameworks-${CONFIGURATION}-output-files.xcfilelist",
			);
			runOnlyForDeploymentPostprocessing = 0;
			shellPath = /bin/sh;
			shellScript = "\"${PODS_ROOT}/Target Support Files/Pods-iSound/Pods-iSound-frameworks.sh\"\n";
			showEnvVarsInLog = 0;
		};
		FB67C457951DAAABD3548B12 /* [CP] Check Pods Manifest.lock */ = {
			isa = PBXShellScriptBuildPhase;
			buildActionMask = 2147483647;
			files = (
			);
			inputFileListPaths = (
			);
			inputPaths = (
				"${PODS_PODFILE_DIR_PATH}/Podfile.lock",
				"${PODS_ROOT}/Manifest.lock",
			);
			name = "[CP] Check Pods Manifest.lock";
			outputFileListPaths = (
			);
			outputPaths = (
				"$(DERIVED_FILE_DIR)/Pods-iSound-checkManifestLockResult.txt",
			);
			runOnlyForDeploymentPostprocessing = 0;
			shellPath = /bin/sh;
			shellScript = "diff \"${PODS_PODFILE_DIR_PATH}/Podfile.lock\" \"${PODS_ROOT}/Manifest.lock\" > /dev/null\nif [ $? != 0 ] ; then\n    # print error to STDERR\n    echo \"error: The sandbox is not in sync with the Podfile.lock. Run 'pod install' or update your CocoaPods installation.\" >&2\n    exit 1\nfi\n# This output is used by Xcode 'outputs' to avoid re-running this script phase.\necho \"SUCCESS\" > \"${SCRIPT_OUTPUT_FILE_0}\"\n";
			showEnvVarsInLog = 0;
		};
/* End PBXShellScriptBuildPhase section */

/* Begin PBXSourcesBuildPhase section */
		32E46DA52507BCC4001470E0 /* Sources */ = {
			isa = PBXSourcesBuildPhase;
			buildActionMask = 2147483647;
			files = (
				323454BE250D593600BF43CC /* CMTime + Extensions.swift in Sources */,
				32E46DC52507BFC2001470E0 /* SearchMusicViewController.swift in Sources */,
				32E46DEC250943E5001470E0 /* UIViewController + Storyboard.swift in Sources */,
				32E46DB12507BCC4001470E0 /* ViewController.swift in Sources */,
				32E46DAD2507BCC4001470E0 /* AppDelegate.swift in Sources */,
				32E46DE72507F8A2001470E0 /* SearchInteractor.swift in Sources */,
				32CF3B60250A8BA00098EDB9 /* FooterView.swift in Sources */,
				32E46DF225095A41001470E0 /* TrackCell.swift in Sources */,
				322DFD11250FE01C00B01A75 /* Nib.swift in Sources */,
				32E46DC32507BEAE001470E0 /* MainTabBarController.swift in Sources */,
				32E46DC72507DD3D001470E0 /* SearchResponseList.swift in Sources */,
				32E46DE32507F8A2001470E0 /* SearchWorker.swift in Sources */,
				32E46DE62507F8A2001470E0 /* SearchViewController.swift in Sources */,
				32E46DE42507F8A2001470E0 /* SearchRouter.swift in Sources */,
				32E46DE52507F8A2001470E0 /* SearchModels.swift in Sources */,
				32E46DAF2507BCC4001470E0 /* SceneDelegate.swift in Sources */,
				32E46DE22507F8A2001470E0 /* SearchPresenter.swift in Sources */,
				320475A3250A92C800976C83 /* TrackDetailView.swift in Sources */,
				32E46DC92507EDD0001470E0 /* NetworkService.swift in Sources */,
			);
			runOnlyForDeploymentPostprocessing = 0;
		};
/* End PBXSourcesBuildPhase section */

/* Begin PBXVariantGroup section */
		32E46DB22507BCC4001470E0 /* Main.storyboard */ = {
			isa = PBXVariantGroup;
			children = (
				32E46DB32507BCC4001470E0 /* Base */,
			);
			name = Main.storyboard;
			sourceTree = "<group>";
		};
		32E46DB72507BCC5001470E0 /* LaunchScreen.storyboard */ = {
			isa = PBXVariantGroup;
			children = (
				32E46DB82507BCC5001470E0 /* Base */,
			);
			name = LaunchScreen.storyboard;
			sourceTree = "<group>";
		};
/* End PBXVariantGroup section */

/* Begin XCBuildConfiguration section */
		32E46DBB2507BCC5001470E0 /* Debug */ = {
			isa = XCBuildConfiguration;
			buildSettings = {
				ALWAYS_SEARCH_USER_PATHS = NO;
				CLANG_ANALYZER_NONNULL = YES;
				CLANG_ANALYZER_NUMBER_OBJECT_CONVERSION = YES_AGGRESSIVE;
				CLANG_CXX_LANGUAGE_STANDARD = "gnu++14";
				CLANG_CXX_LIBRARY = "libc++";
				CLANG_ENABLE_MODULES = YES;
				CLANG_ENABLE_OBJC_ARC = YES;
				CLANG_ENABLE_OBJC_WEAK = YES;
				CLANG_WARN_BLOCK_CAPTURE_AUTORELEASING = YES;
				CLANG_WARN_BOOL_CONVERSION = YES;
				CLANG_WARN_COMMA = YES;
				CLANG_WARN_CONSTANT_CONVERSION = YES;
				CLANG_WARN_DEPRECATED_OBJC_IMPLEMENTATIONS = YES;
				CLANG_WARN_DIRECT_OBJC_ISA_USAGE = YES_ERROR;
				CLANG_WARN_DOCUMENTATION_COMMENTS = YES;
				CLANG_WARN_EMPTY_BODY = YES;
				CLANG_WARN_ENUM_CONVERSION = YES;
				CLANG_WARN_INFINITE_RECURSION = YES;
				CLANG_WARN_INT_CONVERSION = YES;
				CLANG_WARN_NON_LITERAL_NULL_CONVERSION = YES;
				CLANG_WARN_OBJC_IMPLICIT_RETAIN_SELF = YES;
				CLANG_WARN_OBJC_LITERAL_CONVERSION = YES;
				CLANG_WARN_OBJC_ROOT_CLASS = YES_ERROR;
				CLANG_WARN_RANGE_LOOP_ANALYSIS = YES;
				CLANG_WARN_STRICT_PROTOTYPES = YES;
				CLANG_WARN_SUSPICIOUS_MOVE = YES;
				CLANG_WARN_UNGUARDED_AVAILABILITY = YES_AGGRESSIVE;
				CLANG_WARN_UNREACHABLE_CODE = YES;
				CLANG_WARN__DUPLICATE_METHOD_MATCH = YES;
				COPY_PHASE_STRIP = NO;
				DEBUG_INFORMATION_FORMAT = dwarf;
				ENABLE_STRICT_OBJC_MSGSEND = YES;
				ENABLE_TESTABILITY = YES;
				GCC_C_LANGUAGE_STANDARD = gnu11;
				GCC_DYNAMIC_NO_PIC = NO;
				GCC_NO_COMMON_BLOCKS = YES;
				GCC_OPTIMIZATION_LEVEL = 0;
				GCC_PREPROCESSOR_DEFINITIONS = (
					"DEBUG=1",
					"$(inherited)",
				);
				GCC_WARN_64_TO_32_BIT_CONVERSION = YES;
				GCC_WARN_ABOUT_RETURN_TYPE = YES_ERROR;
				GCC_WARN_UNDECLARED_SELECTOR = YES;
				GCC_WARN_UNINITIALIZED_AUTOS = YES_AGGRESSIVE;
				GCC_WARN_UNUSED_FUNCTION = YES;
				GCC_WARN_UNUSED_VARIABLE = YES;
				IPHONEOS_DEPLOYMENT_TARGET = 13.6;
				MTL_ENABLE_DEBUG_INFO = INCLUDE_SOURCE;
				MTL_FAST_MATH = YES;
				ONLY_ACTIVE_ARCH = YES;
				SDKROOT = iphoneos;
				SWIFT_ACTIVE_COMPILATION_CONDITIONS = DEBUG;
				SWIFT_OPTIMIZATION_LEVEL = "-Onone";
			};
			name = Debug;
		};
		32E46DBC2507BCC5001470E0 /* Release */ = {
			isa = XCBuildConfiguration;
			buildSettings = {
				ALWAYS_SEARCH_USER_PATHS = NO;
				CLANG_ANALYZER_NONNULL = YES;
				CLANG_ANALYZER_NUMBER_OBJECT_CONVERSION = YES_AGGRESSIVE;
				CLANG_CXX_LANGUAGE_STANDARD = "gnu++14";
				CLANG_CXX_LIBRARY = "libc++";
				CLANG_ENABLE_MODULES = YES;
				CLANG_ENABLE_OBJC_ARC = YES;
				CLANG_ENABLE_OBJC_WEAK = YES;
				CLANG_WARN_BLOCK_CAPTURE_AUTORELEASING = YES;
				CLANG_WARN_BOOL_CONVERSION = YES;
				CLANG_WARN_COMMA = YES;
				CLANG_WARN_CONSTANT_CONVERSION = YES;
				CLANG_WARN_DEPRECATED_OBJC_IMPLEMENTATIONS = YES;
				CLANG_WARN_DIRECT_OBJC_ISA_USAGE = YES_ERROR;
				CLANG_WARN_DOCUMENTATION_COMMENTS = YES;
				CLANG_WARN_EMPTY_BODY = YES;
				CLANG_WARN_ENUM_CONVERSION = YES;
				CLANG_WARN_INFINITE_RECURSION = YES;
				CLANG_WARN_INT_CONVERSION = YES;
				CLANG_WARN_NON_LITERAL_NULL_CONVERSION = YES;
				CLANG_WARN_OBJC_IMPLICIT_RETAIN_SELF = YES;
				CLANG_WARN_OBJC_LITERAL_CONVERSION = YES;
				CLANG_WARN_OBJC_ROOT_CLASS = YES_ERROR;
				CLANG_WARN_RANGE_LOOP_ANALYSIS = YES;
				CLANG_WARN_STRICT_PROTOTYPES = YES;
				CLANG_WARN_SUSPICIOUS_MOVE = YES;
				CLANG_WARN_UNGUARDED_AVAILABILITY = YES_AGGRESSIVE;
				CLANG_WARN_UNREACHABLE_CODE = YES;
				CLANG_WARN__DUPLICATE_METHOD_MATCH = YES;
				COPY_PHASE_STRIP = NO;
				DEBUG_INFORMATION_FORMAT = "dwarf-with-dsym";
				ENABLE_NS_ASSERTIONS = NO;
				ENABLE_STRICT_OBJC_MSGSEND = YES;
				GCC_C_LANGUAGE_STANDARD = gnu11;
				GCC_NO_COMMON_BLOCKS = YES;
				GCC_WARN_64_TO_32_BIT_CONVERSION = YES;
				GCC_WARN_ABOUT_RETURN_TYPE = YES_ERROR;
				GCC_WARN_UNDECLARED_SELECTOR = YES;
				GCC_WARN_UNINITIALIZED_AUTOS = YES_AGGRESSIVE;
				GCC_WARN_UNUSED_FUNCTION = YES;
				GCC_WARN_UNUSED_VARIABLE = YES;
				IPHONEOS_DEPLOYMENT_TARGET = 13.6;
				MTL_ENABLE_DEBUG_INFO = NO;
				MTL_FAST_MATH = YES;
				SDKROOT = iphoneos;
				SWIFT_COMPILATION_MODE = wholemodule;
				SWIFT_OPTIMIZATION_LEVEL = "-O";
				VALIDATE_PRODUCT = YES;
			};
			name = Release;
		};
		32E46DBE2507BCC5001470E0 /* Debug */ = {
			isa = XCBuildConfiguration;
			baseConfigurationReference = A22E8213F30DD560FB2A3F67 /* Pods-iSound.debug.xcconfig */;
			buildSettings = {
				ASSETCATALOG_COMPILER_APPICON_NAME = AppIcon;
				CODE_SIGN_STYLE = Automatic;
				DEVELOPMENT_TEAM = 6ASXVY79V4;
				INFOPLIST_FILE = iSound/Info.plist;
				LD_RUNPATH_SEARCH_PATHS = (
					"$(inherited)",
					"@executable_path/Frameworks",
				);
				PRODUCT_BUNDLE_IDENTIFIER = com.airL.iSound;
				PRODUCT_NAME = "$(TARGET_NAME)";
				SWIFT_VERSION = 5.0;
				TARGETED_DEVICE_FAMILY = "1,2";
			};
			name = Debug;
		};
		32E46DBF2507BCC5001470E0 /* Release */ = {
			isa = XCBuildConfiguration;
			baseConfigurationReference = 006BE5DA4B14251505CA7DD6 /* Pods-iSound.release.xcconfig */;
			buildSettings = {
				ASSETCATALOG_COMPILER_APPICON_NAME = AppIcon;
				CODE_SIGN_STYLE = Automatic;
				DEVELOPMENT_TEAM = 6ASXVY79V4;
				INFOPLIST_FILE = iSound/Info.plist;
				LD_RUNPATH_SEARCH_PATHS = (
					"$(inherited)",
					"@executable_path/Frameworks",
				);
				PRODUCT_BUNDLE_IDENTIFIER = com.airL.iSound;
				PRODUCT_NAME = "$(TARGET_NAME)";
				SWIFT_VERSION = 5.0;
				TARGETED_DEVICE_FAMILY = "1,2";
			};
			name = Release;
		};
/* End XCBuildConfiguration section */

/* Begin XCConfigurationList section */
		32E46DA42507BCC4001470E0 /* Build configuration list for PBXProject "iSound" */ = {
			isa = XCConfigurationList;
			buildConfigurations = (
				32E46DBB2507BCC5001470E0 /* Debug */,
				32E46DBC2507BCC5001470E0 /* Release */,
			);
			defaultConfigurationIsVisible = 0;
			defaultConfigurationName = Release;
		};
		32E46DBD2507BCC5001470E0 /* Build configuration list for PBXNativeTarget "iSound" */ = {
			isa = XCConfigurationList;
			buildConfigurations = (
				32E46DBE2507BCC5001470E0 /* Debug */,
				32E46DBF2507BCC5001470E0 /* Release */,
			);
			defaultConfigurationIsVisible = 0;
			defaultConfigurationName = Release;
		};
/* End XCConfigurationList section */
	};
	rootObject = 32E46DA12507BCC4001470E0 /* Project object */;
}
